
Microsoft Visual Studio Solution File, Format Version 12.00
# Visual Studio Version 16
VisualStudioVersion = 16.0.29025.244
MinimumVisualStudioVersion = 10.0.40219.1
Project("{9A19103F-16F7-4668-BE54-9A1E7A4F7556}") = "HB.Framework.Database", "src\HB.Framework.Database\HB.Framework.Database.csproj", "{F46F6AF7-6FE7-40EC-8C0D-76803F796853}"
EndProject
Project("{9A19103F-16F7-4668-BE54-9A1E7A4F7556}") = "HB.Framework.Common", "src\HB.Framework.Common\HB.Framework.Common.csproj", "{69965DB7-0AAD-4645-B61A-1D48741FDE44}"
EndProject
Project("{9A19103F-16F7-4668-BE54-9A1E7A4F7556}") = "HB.Infrastructure.MySQL", "src\HB.Infrastructure.MySQL\HB.Infrastructure.MySQL.csproj", "{87CC7762-0B4A-48B1-834A-70DCDDAADA45}"
EndProject
Project("{9A19103F-16F7-4668-BE54-9A1E7A4F7556}") = "HB.Infrastructure.MySQL.Test", "test\HB.Framework.Database.Test\HB.Infrastructure.MySQL.Test.csproj", "{DF312EB5-A362-4D60-BFEF-12412337E762}"
EndProject
Project("{2150E333-8FDC-42A3-9474-1A3956D46DE8}") = "Test", "Test", "{894198C4-54BB-44DD-AEC4-E4982EF5DBA8}"
EndProject
Project("{9A19103F-16F7-4668-BE54-9A1E7A4F7556}") = "HB.Infrastructure.MySQL.Aspnetcore", "src\HB.Infrastructure.MySQL.Aspnetcore\HB.Infrastructure.MySQL.Aspnetcore.csproj", "{01DD3A62-1092-4B67-A449-A36781E4C0E5}"
EndProject
Project("{2150E333-8FDC-42A3-9474-1A3956D46DE8}") = "Sample", "Sample", "{6DFDEA5A-2DA4-4976-9442-FC5737693815}"
EndProject
Project("{9A19103F-16F7-4668-BE54-9A1E7A4F7556}") = "DatabaseConsoleSample", "samples\DatabaseSample\DatabaseConsoleSample.csproj", "{F0DAA7C5-8937-428C-8155-1B8E2AD31B1E}"
EndProject
Project("{9A19103F-16F7-4668-BE54-9A1E7A4F7556}") = "HB.Infrastructure.SQLite", "src\HB.Infrastructure.SQLite\HB.Infrastructure.SQLite.csproj", "{ECAA542C-3B00-4767-A807-2E2C95F27567}"
EndProject
Project("{9A19103F-16F7-4668-BE54-9A1E7A4F7556}") = "HB.Infrastructure.SQLite.Aspnetcore", "src\HB.Infrastructure.SQLite.Aspnetcore\HB.Infrastructure.SQLite.Aspnetcore.csproj", "{CE66FC0B-212D-486C-8BA9-4DE8A8898A27}"
EndProject
Project("{9A19103F-16F7-4668-BE54-9A1E7A4F7556}") = "HB.Infrastructure.SQLite.Test", "test\HB.Infrastructure.SQLite.Test\HB.Infrastructure.SQLite.Test.csproj", "{9B57A168-9343-40E7-BE91-2628EA142E54}"
EndProject
Project("{FAE04EC0-301F-11D3-BF4B-00C04F79EFBC}") = "DatabaseXamarinSample.Android", "samples\DatabaseXamarinSample\DatabaseXamarinSample.Android\DatabaseXamarinSample.Android.csproj", "{2B4F7782-266A-4258-97AC-1A7C98C15085}"
EndProject
Project("{FAE04EC0-301F-11D3-BF4B-00C04F79EFBC}") = "DatabaseXamarinSample.iOS", "samples\DatabaseXamarinSample\DatabaseXamarinSample.iOS\DatabaseXamarinSample.iOS.csproj", "{1AA33E04-8DFE-442E-A5DC-E2D03E0FE726}"
EndProject
Project("{9A19103F-16F7-4668-BE54-9A1E7A4F7556}") = "DatabaseXamarinSample", "samples\DatabaseXamarinSample\DatabaseXamarinSample\DatabaseXamarinSample.csproj", "{527EB072-0720-474E-A2DB-66BB61702FDD}"
EndProject
Project("{2150E333-8FDC-42A3-9474-1A3956D46DE8}") = "Solution Items", "Solution Items", "{8F72A0B4-B5BB-46C7-9CE7-7F73DCCCF65F}"
	ProjectSection(SolutionItems) = preProject
		global.json = global.json
	EndProjectSection
EndProject
Project("{FAE04EC0-301F-11D3-BF4B-00C04F79EFBC}") = "DatabaseAspnetcoreSample", "samples\DatabaseAspnetcoreSample\DatabaseAspnetcoreSample.csproj", "{5AFC4835-F9A0-4F66-BE54-C665C8269A23}"
EndProject
Global
	GlobalSection(SolutionConfigurationPlatforms) = preSolution
		Debug|Any CPU = Debug|Any CPU
		Debug|iPhone = Debug|iPhone
		Debug|iPhoneSimulator = Debug|iPhoneSimulator
		Release|Any CPU = Release|Any CPU
		Release|iPhone = Release|iPhone
		Release|iPhoneSimulator = Release|iPhoneSimulator
	EndGlobalSection
	GlobalSection(ProjectConfigurationPlatforms) = postSolution
		{F46F6AF7-6FE7-40EC-8C0D-76803F796853}.Debug|Any CPU.ActiveCfg = Debug|Any CPU
		{F46F6AF7-6FE7-40EC-8C0D-76803F796853}.Debug|Any CPU.Build.0 = Debug|Any CPU
		{F46F6AF7-6FE7-40EC-8C0D-76803F796853}.Debug|iPhone.ActiveCfg = Debug|Any CPU
		{F46F6AF7-6FE7-40EC-8C0D-76803F796853}.Debug|iPhone.Build.0 = Debug|Any CPU
		{F46F6AF7-6FE7-40EC-8C0D-76803F796853}.Debug|iPhoneSimulator.ActiveCfg = Debug|Any CPU
		{F46F6AF7-6FE7-40EC-8C0D-76803F796853}.Debug|iPhoneSimulator.Build.0 = Debug|Any CPU
		{F46F6AF7-6FE7-40EC-8C0D-76803F796853}.Release|Any CPU.ActiveCfg = Release|Any CPU
		{F46F6AF7-6FE7-40EC-8C0D-76803F796853}.Release|Any CPU.Build.0 = Release|Any CPU
		{F46F6AF7-6FE7-40EC-8C0D-76803F796853}.Release|iPhone.ActiveCfg = Release|Any CPU
		{F46F6AF7-6FE7-40EC-8C0D-76803F796853}.Release|iPhone.Build.0 = Release|Any CPU
		{F46F6AF7-6FE7-40EC-8C0D-76803F796853}.Release|iPhoneSimulator.ActiveCfg = Release|Any CPU
		{F46F6AF7-6FE7-40EC-8C0D-76803F796853}.Release|iPhoneSimulator.Build.0 = Release|Any CPU
		{69965DB7-0AAD-4645-B61A-1D48741FDE44}.Debug|Any CPU.ActiveCfg = Debug|Any CPU
		{69965DB7-0AAD-4645-B61A-1D48741FDE44}.Debug|Any CPU.Build.0 = Debug|Any CPU
		{69965DB7-0AAD-4645-B61A-1D48741FDE44}.Debug|iPhone.ActiveCfg = Debug|Any CPU
		{69965DB7-0AAD-4645-B61A-1D48741FDE44}.Debug|iPhone.Build.0 = Debug|Any CPU
		{69965DB7-0AAD-4645-B61A-1D48741FDE44}.Debug|iPhoneSimulator.ActiveCfg = Debug|Any CPU
		{69965DB7-0AAD-4645-B61A-1D48741FDE44}.Debug|iPhoneSimulator.Build.0 = Debug|Any CPU
		{69965DB7-0AAD-4645-B61A-1D48741FDE44}.Release|Any CPU.ActiveCfg = Release|Any CPU
		{69965DB7-0AAD-4645-B61A-1D48741FDE44}.Release|Any CPU.Build.0 = Release|Any CPU
		{69965DB7-0AAD-4645-B61A-1D48741FDE44}.Release|iPhone.ActiveCfg = Release|Any CPU
		{69965DB7-0AAD-4645-B61A-1D48741FDE44}.Release|iPhone.Build.0 = Release|Any CPU
		{69965DB7-0AAD-4645-B61A-1D48741FDE44}.Release|iPhoneSimulator.ActiveCfg = Release|Any CPU
		{69965DB7-0AAD-4645-B61A-1D48741FDE44}.Release|iPhoneSimulator.Build.0 = Release|Any CPU
		{87CC7762-0B4A-48B1-834A-70DCDDAADA45}.Debug|Any CPU.ActiveCfg = Debug|Any CPU
		{87CC7762-0B4A-48B1-834A-70DCDDAADA45}.Debug|Any CPU.Build.0 = Debug|Any CPU
		{87CC7762-0B4A-48B1-834A-70DCDDAADA45}.Debug|iPhone.ActiveCfg = Debug|Any CPU
		{87CC7762-0B4A-48B1-834A-70DCDDAADA45}.Debug|iPhone.Build.0 = Debug|Any CPU
		{87CC7762-0B4A-48B1-834A-70DCDDAADA45}.Debug|iPhoneSimulator.ActiveCfg = Debug|Any CPU
		{87CC7762-0B4A-48B1-834A-70DCDDAADA45}.Debug|iPhoneSimulator.Build.0 = Debug|Any CPU
		{87CC7762-0B4A-48B1-834A-70DCDDAADA45}.Release|Any CPU.ActiveCfg = Release|Any CPU
		{87CC7762-0B4A-48B1-834A-70DCDDAADA45}.Release|Any CPU.Build.0 = Release|Any CPU
		{87CC7762-0B4A-48B1-834A-70DCDDAADA45}.Release|iPhone.ActiveCfg = Release|Any CPU
		{87CC7762-0B4A-48B1-834A-70DCDDAADA45}.Release|iPhone.Build.0 = Release|Any CPU
		{87CC7762-0B4A-48B1-834A-70DCDDAADA45}.Release|iPhoneSimulator.ActiveCfg = Release|Any CPU
		{87CC7762-0B4A-48B1-834A-70DCDDAADA45}.Release|iPhoneSimulator.Build.0 = Release|Any CPU
		{DF312EB5-A362-4D60-BFEF-12412337E762}.Debug|Any CPU.ActiveCfg = Debug|Any CPU
		{DF312EB5-A362-4D60-BFEF-12412337E762}.Debug|Any CPU.Build.0 = Debug|Any CPU
		{DF312EB5-A362-4D60-BFEF-12412337E762}.Debug|iPhone.ActiveCfg = Debug|Any CPU
		{DF312EB5-A362-4D60-BFEF-12412337E762}.Debug|iPhone.Build.0 = Debug|Any CPU
		{DF312EB5-A362-4D60-BFEF-12412337E762}.Debug|iPhoneSimulator.ActiveCfg = Debug|Any CPU
		{DF312EB5-A362-4D60-BFEF-12412337E762}.Debug|iPhoneSimulator.Build.0 = Debug|Any CPU
		{DF312EB5-A362-4D60-BFEF-12412337E762}.Release|Any CPU.ActiveCfg = Release|Any CPU
		{DF312EB5-A362-4D60-BFEF-12412337E762}.Release|Any CPU.Build.0 = Release|Any CPU
		{DF312EB5-A362-4D60-BFEF-12412337E762}.Release|iPhone.ActiveCfg = Release|Any CPU
		{DF312EB5-A362-4D60-BFEF-12412337E762}.Release|iPhone.Build.0 = Release|Any CPU
		{DF312EB5-A362-4D60-BFEF-12412337E762}.Release|iPhoneSimulator.ActiveCfg = Release|Any CPU
		{DF312EB5-A362-4D60-BFEF-12412337E762}.Release|iPhoneSimulator.Build.0 = Release|Any CPU
		{01DD3A62-1092-4B67-A449-A36781E4C0E5}.Debug|Any CPU.ActiveCfg = Debug|Any CPU
		{01DD3A62-1092-4B67-A449-A36781E4C0E5}.Debug|Any CPU.Build.0 = Debug|Any CPU
		{01DD3A62-1092-4B67-A449-A36781E4C0E5}.Debug|iPhone.ActiveCfg = Debug|Any CPU
		{01DD3A62-1092-4B67-A449-A36781E4C0E5}.Debug|iPhone.Build.0 = Debug|Any CPU
		{01DD3A62-1092-4B67-A449-A36781E4C0E5}.Debug|iPhoneSimulator.ActiveCfg = Debug|Any CPU
		{01DD3A62-1092-4B67-A449-A36781E4C0E5}.Debug|iPhoneSimulator.Build.0 = Debug|Any CPU
		{01DD3A62-1092-4B67-A449-A36781E4C0E5}.Release|Any CPU.ActiveCfg = Release|Any CPU
		{01DD3A62-1092-4B67-A449-A36781E4C0E5}.Release|Any CPU.Build.0 = Release|Any CPU
		{01DD3A62-1092-4B67-A449-A36781E4C0E5}.Release|iPhone.ActiveCfg = Release|Any CPU
		{01DD3A62-1092-4B67-A449-A36781E4C0E5}.Release|iPhone.Build.0 = Release|Any CPU
		{01DD3A62-1092-4B67-A449-A36781E4C0E5}.Release|iPhoneSimulator.ActiveCfg = Release|Any CPU
		{01DD3A62-1092-4B67-A449-A36781E4C0E5}.Release|iPhoneSimulator.Build.0 = Release|Any CPU
		{F0DAA7C5-8937-428C-8155-1B8E2AD31B1E}.Debug|Any CPU.ActiveCfg = Debug|Any CPU
		{F0DAA7C5-8937-428C-8155-1B8E2AD31B1E}.Debug|Any CPU.Build.0 = Debug|Any CPU
		{F0DAA7C5-8937-428C-8155-1B8E2AD31B1E}.Debug|iPhone.ActiveCfg = Debug|Any CPU
		{F0DAA7C5-8937-428C-8155-1B8E2AD31B1E}.Debug|iPhone.Build.0 = Debug|Any CPU
		{F0DAA7C5-8937-428C-8155-1B8E2AD31B1E}.Debug|iPhoneSimulator.ActiveCfg = Debug|Any CPU
		{F0DAA7C5-8937-428C-8155-1B8E2AD31B1E}.Debug|iPhoneSimulator.Build.0 = Debug|Any CPU
		{F0DAA7C5-8937-428C-8155-1B8E2AD31B1E}.Release|Any CPU.ActiveCfg = Release|Any CPU
		{F0DAA7C5-8937-428C-8155-1B8E2AD31B1E}.Release|Any CPU.Build.0 = Release|Any CPU
		{F0DAA7C5-8937-428C-8155-1B8E2AD31B1E}.Release|iPhone.ActiveCfg = Release|Any CPU
		{F0DAA7C5-8937-428C-8155-1B8E2AD31B1E}.Release|iPhone.Build.0 = Release|Any CPU
		{F0DAA7C5-8937-428C-8155-1B8E2AD31B1E}.Release|iPhoneSimulator.ActiveCfg = Release|Any CPU
		{F0DAA7C5-8937-428C-8155-1B8E2AD31B1E}.Release|iPhoneSimulator.Build.0 = Release|Any CPU
		{ECAA542C-3B00-4767-A807-2E2C95F27567}.Debug|Any CPU.ActiveCfg = Debug|Any CPU
		{ECAA542C-3B00-4767-A807-2E2C95F27567}.Debug|Any CPU.Build.0 = Debug|Any CPU
		{ECAA542C-3B00-4767-A807-2E2C95F27567}.Debug|iPhone.ActiveCfg = Debug|Any CPU
		{ECAA542C-3B00-4767-A807-2E2C95F27567}.Debug|iPhone.Build.0 = Debug|Any CPU
		{ECAA542C-3B00-4767-A807-2E2C95F27567}.Debug|iPhoneSimulator.ActiveCfg = Debug|Any CPU
		{ECAA542C-3B00-4767-A807-2E2C95F27567}.Debug|iPhoneSimulator.Build.0 = Debug|Any CPU
		{ECAA542C-3B00-4767-A807-2E2C95F27567}.Release|Any CPU.ActiveCfg = Release|Any CPU
		{ECAA542C-3B00-4767-A807-2E2C95F27567}.Release|Any CPU.Build.0 = Release|Any CPU
		{ECAA542C-3B00-4767-A807-2E2C95F27567}.Release|iPhone.ActiveCfg = Release|Any CPU
		{ECAA542C-3B00-4767-A807-2E2C95F27567}.Release|iPhone.Build.0 = Release|Any CPU
		{ECAA542C-3B00-4767-A807-2E2C95F27567}.Release|iPhoneSimulator.ActiveCfg = Release|Any CPU
		{ECAA542C-3B00-4767-A807-2E2C95F27567}.Release|iPhoneSimulator.Build.0 = Release|Any CPU
		{CE66FC0B-212D-486C-8BA9-4DE8A8898A27}.Debug|Any CPU.ActiveCfg = Debug|Any CPU
		{CE66FC0B-212D-486C-8BA9-4DE8A8898A27}.Debug|Any CPU.Build.0 = Debug|Any CPU
		{CE66FC0B-212D-486C-8BA9-4DE8A8898A27}.Debug|iPhone.ActiveCfg = Debug|Any CPU
		{CE66FC0B-212D-486C-8BA9-4DE8A8898A27}.Debug|iPhone.Build.0 = Debug|Any CPU
		{CE66FC0B-212D-486C-8BA9-4DE8A8898A27}.Debug|iPhoneSimulator.ActiveCfg = Debug|Any CPU
		{CE66FC0B-212D-486C-8BA9-4DE8A8898A27}.Debug|iPhoneSimulator.Build.0 = Debug|Any CPU
		{CE66FC0B-212D-486C-8BA9-4DE8A8898A27}.Release|Any CPU.ActiveCfg = Release|Any CPU
		{CE66FC0B-212D-486C-8BA9-4DE8A8898A27}.Release|Any CPU.Build.0 = Release|Any CPU
		{CE66FC0B-212D-486C-8BA9-4DE8A8898A27}.Release|iPhone.ActiveCfg = Release|Any CPU
		{CE66FC0B-212D-486C-8BA9-4DE8A8898A27}.Release|iPhone.Build.0 = Release|Any CPU
		{CE66FC0B-212D-486C-8BA9-4DE8A8898A27}.Release|iPhoneSimulator.ActiveCfg = Release|Any CPU
		{CE66FC0B-212D-486C-8BA9-4DE8A8898A27}.Release|iPhoneSimulator.Build.0 = Release|Any CPU
		{9B57A168-9343-40E7-BE91-2628EA142E54}.Debug|Any CPU.ActiveCfg = Debug|Any CPU
		{9B57A168-9343-40E7-BE91-2628EA142E54}.Debug|Any CPU.Build.0 = Debug|Any CPU
		{9B57A168-9343-40E7-BE91-2628EA142E54}.Debug|iPhone.ActiveCfg = Debug|Any CPU
		{9B57A168-9343-40E7-BE91-2628EA142E54}.Debug|iPhone.Build.0 = Debug|Any CPU
		{9B57A168-9343-40E7-BE91-2628EA142E54}.Debug|iPhoneSimulator.ActiveCfg = Debug|Any CPU
		{9B57A168-9343-40E7-BE91-2628EA142E54}.Debug|iPhoneSimulator.Build.0 = Debug|Any CPU
		{9B57A168-9343-40E7-BE91-2628EA142E54}.Release|Any CPU.ActiveCfg = Release|Any CPU
		{9B57A168-9343-40E7-BE91-2628EA142E54}.Release|Any CPU.Build.0 = Release|Any CPU
		{9B57A168-9343-40E7-BE91-2628EA142E54}.Release|iPhone.ActiveCfg = Release|Any CPU
		{9B57A168-9343-40E7-BE91-2628EA142E54}.Release|iPhone.Build.0 = Release|Any CPU
		{9B57A168-9343-40E7-BE91-2628EA142E54}.Release|iPhoneSimulator.ActiveCfg = Release|Any CPU
		{9B57A168-9343-40E7-BE91-2628EA142E54}.Release|iPhoneSimulator.Build.0 = Release|Any CPU
		{2B4F7782-266A-4258-97AC-1A7C98C15085}.Debug|Any CPU.ActiveCfg = Debug|Any CPU
		{2B4F7782-266A-4258-97AC-1A7C98C15085}.Debug|Any CPU.Build.0 = Debug|Any CPU
		{2B4F7782-266A-4258-97AC-1A7C98C15085}.Debug|Any CPU.Deploy.0 = Debug|Any CPU
		{2B4F7782-266A-4258-97AC-1A7C98C15085}.Debug|iPhone.ActiveCfg = Debug|Any CPU
		{2B4F7782-266A-4258-97AC-1A7C98C15085}.Debug|iPhone.Build.0 = Debug|Any CPU
		{2B4F7782-266A-4258-97AC-1A7C98C15085}.Debug|iPhone.Deploy.0 = Debug|Any CPU
		{2B4F7782-266A-4258-97AC-1A7C98C15085}.Debug|iPhoneSimulator.ActiveCfg = Debug|Any CPU
		{2B4F7782-266A-4258-97AC-1A7C98C15085}.Debug|iPhoneSimulator.Build.0 = Debug|Any CPU
		{2B4F7782-266A-4258-97AC-1A7C98C15085}.Debug|iPhoneSimulator.Deploy.0 = Debug|Any CPU
		{2B4F7782-266A-4258-97AC-1A7C98C15085}.Release|Any CPU.ActiveCfg = Release|Any CPU
		{2B4F7782-266A-4258-97AC-1A7C98C15085}.Release|Any CPU.Build.0 = Release|Any CPU
		{2B4F7782-266A-4258-97AC-1A7C98C15085}.Release|Any CPU.Deploy.0 = Release|Any CPU
		{2B4F7782-266A-4258-97AC-1A7C98C15085}.Release|iPhone.ActiveCfg = Release|Any CPU
		{2B4F7782-266A-4258-97AC-1A7C98C15085}.Release|iPhone.Build.0 = Release|Any CPU
		{2B4F7782-266A-4258-97AC-1A7C98C15085}.Release|iPhone.Deploy.0 = Release|Any CPU
		{2B4F7782-266A-4258-97AC-1A7C98C15085}.Release|iPhoneSimulator.ActiveCfg = Release|Any CPU
		{2B4F7782-266A-4258-97AC-1A7C98C15085}.Release|iPhoneSimulator.Build.0 = Release|Any CPU
		{2B4F7782-266A-4258-97AC-1A7C98C15085}.Release|iPhoneSimulator.Deploy.0 = Release|Any CPU
		{1AA33E04-8DFE-442E-A5DC-E2D03E0FE726}.Debug|Any CPU.ActiveCfg = Debug|iPhone
		{1AA33E04-8DFE-442E-A5DC-E2D03E0FE726}.Debug|iPhone.ActiveCfg = Debug|iPhone
		{1AA33E04-8DFE-442E-A5DC-E2D03E0FE726}.Debug|iPhone.Build.0 = Debug|iPhone
		{1AA33E04-8DFE-442E-A5DC-E2D03E0FE726}.Debug|iPhoneSimulator.ActiveCfg = Debug|iPhoneSimulator
		{1AA33E04-8DFE-442E-A5DC-E2D03E0FE726}.Debug|iPhoneSimulator.Build.0 = Debug|iPhoneSimulator
		{1AA33E04-8DFE-442E-A5DC-E2D03E0FE726}.Release|Any CPU.ActiveCfg = Release|iPhone
		{1AA33E04-8DFE-442E-A5DC-E2D03E0FE726}.Release|iPhone.ActiveCfg = Release|iPhone
		{1AA33E04-8DFE-442E-A5DC-E2D03E0FE726}.Release|iPhone.Build.0 = Release|iPhone
		{1AA33E04-8DFE-442E-A5DC-E2D03E0FE726}.Release|iPhoneSimulator.ActiveCfg = Release|iPhoneSimulator
		{1AA33E04-8DFE-442E-A5DC-E2D03E0FE726}.Release|iPhoneSimulator.Build.0 = Release|iPhoneSimulator
		{527EB072-0720-474E-A2DB-66BB61702FDD}.Debug|Any CPU.ActiveCfg = Debug|Any CPU
		{527EB072-0720-474E-A2DB-66BB61702FDD}.Debug|Any CPU.Build.0 = Debug|Any CPU
		{527EB072-0720-474E-A2DB-66BB61702FDD}.Debug|iPhone.ActiveCfg = Debug|Any CPU
		{527EB072-0720-474E-A2DB-66BB61702FDD}.Debug|iPhone.Build.0 = Debug|Any CPU
		{527EB072-0720-474E-A2DB-66BB61702FDD}.Debug|iPhoneSimulator.ActiveCfg = Debug|Any CPU
		{527EB072-0720-474E-A2DB-66BB61702FDD}.Debug|iPhoneSimulator.Build.0 = Debug|Any CPU
		{527EB072-0720-474E-A2DB-66BB61702FDD}.Release|Any CPU.ActiveCfg = Release|Any CPU
		{527EB072-0720-474E-A2DB-66BB61702FDD}.Release|Any CPU.Build.0 = Release|Any CPU
		{527EB072-0720-474E-A2DB-66BB61702FDD}.Release|iPhone.ActiveCfg = Release|Any CPU
		{527EB072-0720-474E-A2DB-66BB61702FDD}.Release|iPhone.Build.0 = Release|Any CPU
		{527EB072-0720-474E-A2DB-66BB61702FDD}.Release|iPhoneSimulator.ActiveCfg = Release|Any CPU
		{527EB072-0720-474E-A2DB-66BB61702FDD}.Release|iPhoneSimulator.Build.0 = Release|Any CPU
		{5AFC4835-F9A0-4F66-BE54-C665C8269A23}.Debug|Any CPU.ActiveCfg = Debug|Any CPU
		{5AFC4835-F9A0-4F66-BE54-C665C8269A23}.Debug|Any CPU.Build.0 = Debug|Any CPU
		{5AFC4835-F9A0-4F66-BE54-C665C8269A23}.Debug|iPhone.ActiveCfg = Debug|Any CPU
		{5AFC4835-F9A0-4F66-BE54-C665C8269A23}.Debug|iPhone.Build.0 = Debug|Any CPU
		{5AFC4835-F9A0-4F66-BE54-C665C8269A23}.Debug|iPhoneSimulator.ActiveCfg = Debug|Any CPU
		{5AFC4835-F9A0-4F66-BE54-C665C8269A23}.Debug|iPhoneSimulator.Build.0 = Debug|Any CPU
		{5AFC4835-F9A0-4F66-BE54-C665C8269A23}.Release|Any CPU.ActiveCfg = Release|Any CPU
		{5AFC4835-F9A0-4F66-BE54-C665C8269A23}.Release|Any CPU.Build.0 = Release|Any CPU
		{5AFC4835-F9A0-4F66-BE54-C665C8269A23}.Release|iPhone.ActiveCfg = Release|Any CPU
		{5AFC4835-F9A0-4F66-BE54-C665C8269A23}.Release|iPhone.Build.0 = Release|Any CPU
		{5AFC4835-F9A0-4F66-BE54-C665C8269A23}.Release|iPhoneSimulator.ActiveCfg = Release|Any CPU
		{5AFC4835-F9A0-4F66-BE54-C665C8269A23}.Release|iPhoneSimulator.Build.0 = Release|Any CPU
	EndGlobalSection
	GlobalSection(SolutionProperties) = preSolution
		HideSolutionNode = FALSE
	EndGlobalSection
	GlobalSection(NestedProjects) = preSolution
		{DF312EB5-A362-4D60-BFEF-12412337E762} = {894198C4-54BB-44DD-AEC4-E4982EF5DBA8}
		{F0DAA7C5-8937-428C-8155-1B8E2AD31B1E} = {6DFDEA5A-2DA4-4976-9442-FC5737693815}
		{9B57A168-9343-40E7-BE91-2628EA142E54} = {894198C4-54BB-44DD-AEC4-E4982EF5DBA8}
		{2B4F7782-266A-4258-97AC-1A7C98C15085} = {6DFDEA5A-2DA4-4976-9442-FC5737693815}
		{1AA33E04-8DFE-442E-A5DC-E2D03E0FE726} = {6DFDEA5A-2DA4-4976-9442-FC5737693815}
		{527EB072-0720-474E-A2DB-66BB61702FDD} = {6DFDEA5A-2DA4-4976-9442-FC5737693815}
		{5AFC4835-F9A0-4F66-BE54-C665C8269A23} = {6DFDEA5A-2DA4-4976-9442-FC5737693815}
	EndGlobalSection
	GlobalSection(ExtensibilityGlobals) = postSolution
		SolutionGuid = {F6951372-F92C-435B-AFFE-4572C47FAC08}
	EndGlobalSection
EndGlobal
