
Microsoft Visual Studio Solution File, Format Version 12.00
# Visual Studio Version 16
VisualStudioVersion = 16.0.30711.63
MinimumVisualStudioVersion = 10.0.40219.1
Project("{9A19103F-16F7-4668-BE54-9A1E7A4F7556}") = "HB.FullStack.Client", "src\HB.FullStack.Mobile\HB.FullStack.Client.csproj", "{831376F6-196A-423C-A172-801593F2379C}"
EndProject
Project("{9A19103F-16F7-4668-BE54-9A1E7A4F7556}") = "HB.FullStack.Common", "src\HB.FullStack.Common\HB.FullStack.Common.csproj", "{95F1B0BC-2423-476D-81F2-F468CFF02F80}"
EndProject
Project("{FAE04EC0-301F-11D3-BF4B-00C04F79EFBC}") = "HB.FullStack.Client.Droid", "src\HB.FullStack.Client.Droid\HB.FullStack.Client.Droid.csproj", "{DEAC9EB8-B69B-413B-BC86-0C2DBAE8A359}"
EndProject
Project("{FAE04EC0-301F-11D3-BF4B-00C04F79EFBC}") = "HB.FullStack.Client.iOS", "src\HB.FullStack.Client.iOS\HB.FullStack.Client.iOS.csproj", "{61CB302F-B736-4B7C-A456-ED30ECEB4D39}"
EndProject
Project("{9A19103F-16F7-4668-BE54-9A1E7A4F7556}") = "HB.Infrastructure.SQLite", "src\HB.Infrastructure.SQLite\HB.Infrastructure.SQLite.csproj", "{061D01D3-6117-4FD9-A57D-9C46CF79ACE4}"
EndProject
Project("{9A19103F-16F7-4668-BE54-9A1E7A4F7556}") = "HB.FullStack.Database", "src\HB.FullStack.Database\HB.FullStack.Database.csproj", "{7DFDB4B1-81B1-4519-B923-FE5D1F3F7C7A}"
EndProject
Project("{2150E333-8FDC-42A3-9474-1A3956D46DE8}") = "libs", "libs", "{4E2001B7-3C68-469E-A556-B338453AB7F7}"
EndProject
Project("{2150E333-8FDC-42A3-9474-1A3956D46DE8}") = "tests", "tests", "{3093C20A-F386-4D8F-A8D6-0DD3ADAD0AA9}"
EndProject
Project("{FAE04EC0-301F-11D3-BF4B-00C04F79EFBC}") = "HB.FullStack.Client.Tests", "test\HB.FullStack.Client.Tests\HB.FullStack.Client.Tests.csproj", "{8E163DAD-9B55-42FB-AE1F-761400AC6F50}"
EndProject
Global
	GlobalSection(SolutionConfigurationPlatforms) = preSolution
		Debug|Any CPU = Debug|Any CPU
		Release|Any CPU = Release|Any CPU
	EndGlobalSection
	GlobalSection(ProjectConfigurationPlatforms) = postSolution
		{831376F6-196A-423C-A172-801593F2379C}.Debug|Any CPU.ActiveCfg = Debug|Any CPU
		{831376F6-196A-423C-A172-801593F2379C}.Debug|Any CPU.Build.0 = Debug|Any CPU
		{831376F6-196A-423C-A172-801593F2379C}.Release|Any CPU.ActiveCfg = Release|Any CPU
		{831376F6-196A-423C-A172-801593F2379C}.Release|Any CPU.Build.0 = Release|Any CPU
		{95F1B0BC-2423-476D-81F2-F468CFF02F80}.Debug|Any CPU.ActiveCfg = Debug|Any CPU
		{95F1B0BC-2423-476D-81F2-F468CFF02F80}.Debug|Any CPU.Build.0 = Debug|Any CPU
		{95F1B0BC-2423-476D-81F2-F468CFF02F80}.Release|Any CPU.ActiveCfg = Release|Any CPU
		{95F1B0BC-2423-476D-81F2-F468CFF02F80}.Release|Any CPU.Build.0 = Release|Any CPU
		{DEAC9EB8-B69B-413B-BC86-0C2DBAE8A359}.Debug|Any CPU.ActiveCfg = Debug|Any CPU
		{DEAC9EB8-B69B-413B-BC86-0C2DBAE8A359}.Debug|Any CPU.Build.0 = Debug|Any CPU
		{DEAC9EB8-B69B-413B-BC86-0C2DBAE8A359}.Release|Any CPU.ActiveCfg = Release|Any CPU
		{DEAC9EB8-B69B-413B-BC86-0C2DBAE8A359}.Release|Any CPU.Build.0 = Release|Any CPU
		{61CB302F-B736-4B7C-A456-ED30ECEB4D39}.Debug|Any CPU.ActiveCfg = Debug|Any CPU
		{61CB302F-B736-4B7C-A456-ED30ECEB4D39}.Debug|Any CPU.Build.0 = Debug|Any CPU
		{61CB302F-B736-4B7C-A456-ED30ECEB4D39}.Release|Any CPU.ActiveCfg = Release|Any CPU
		{61CB302F-B736-4B7C-A456-ED30ECEB4D39}.Release|Any CPU.Build.0 = Release|Any CPU
		{061D01D3-6117-4FD9-A57D-9C46CF79ACE4}.Debug|Any CPU.ActiveCfg = Debug|Any CPU
		{061D01D3-6117-4FD9-A57D-9C46CF79ACE4}.Debug|Any CPU.Build.0 = Debug|Any CPU
		{061D01D3-6117-4FD9-A57D-9C46CF79ACE4}.Release|Any CPU.ActiveCfg = Release|Any CPU
		{061D01D3-6117-4FD9-A57D-9C46CF79ACE4}.Release|Any CPU.Build.0 = Release|Any CPU
		{7DFDB4B1-81B1-4519-B923-FE5D1F3F7C7A}.Debug|Any CPU.ActiveCfg = Debug|Any CPU
		{7DFDB4B1-81B1-4519-B923-FE5D1F3F7C7A}.Debug|Any CPU.Build.0 = Debug|Any CPU
		{7DFDB4B1-81B1-4519-B923-FE5D1F3F7C7A}.Release|Any CPU.ActiveCfg = Release|Any CPU
		{7DFDB4B1-81B1-4519-B923-FE5D1F3F7C7A}.Release|Any CPU.Build.0 = Release|Any CPU
		{8E163DAD-9B55-42FB-AE1F-761400AC6F50}.Debug|Any CPU.ActiveCfg = Debug|Any CPU
		{8E163DAD-9B55-42FB-AE1F-761400AC6F50}.Debug|Any CPU.Build.0 = Debug|Any CPU
		{8E163DAD-9B55-42FB-AE1F-761400AC6F50}.Release|Any CPU.ActiveCfg = Release|Any CPU
		{8E163DAD-9B55-42FB-AE1F-761400AC6F50}.Release|Any CPU.Build.0 = Release|Any CPU
	EndGlobalSection
	GlobalSection(SolutionProperties) = preSolution
		HideSolutionNode = FALSE
	EndGlobalSection
	GlobalSection(NestedProjects) = preSolution
		{95F1B0BC-2423-476D-81F2-F468CFF02F80} = {4E2001B7-3C68-469E-A556-B338453AB7F7}
		{061D01D3-6117-4FD9-A57D-9C46CF79ACE4} = {4E2001B7-3C68-469E-A556-B338453AB7F7}
		{7DFDB4B1-81B1-4519-B923-FE5D1F3F7C7A} = {4E2001B7-3C68-469E-A556-B338453AB7F7}
		{8E163DAD-9B55-42FB-AE1F-761400AC6F50} = {3093C20A-F386-4D8F-A8D6-0DD3ADAD0AA9}
	EndGlobalSection
	GlobalSection(ExtensibilityGlobals) = postSolution
		SolutionGuid = {7B6D5B52-8E75-4988-BBE8-8FF769AFD8EA}
	EndGlobalSection
EndGlobal
