
Microsoft Visual Studio Solution File, Format Version 12.00
# Visual Studio 15
VisualStudioVersion = 15.0.27130.2024
MinimumVisualStudioVersion = 10.0.40219.1
Project("{2150E333-8FDC-42A3-9474-1A3956D46DE8}") = "Solution Items", "Solution Items", "{FA6E769E-482A-4A98-85B1-39CFEF3ABE79}"
	ProjectSection(SolutionItems) = preProject
		.travis.yml = .travis.yml
		appveyor.yml = appveyor.yml
		build.ps1 = build.ps1
		PresentFish_DataProtection.pfx = PresentFish_DataProtection.pfx
		README.md = README.md
	EndProjectSection
EndProject
Project("{2150E333-8FDC-42A3-9474-1A3956D46DE8}") = "build", "build", "{C827D983-7A2A-437E-8E7E-16A37BF1A41D}"
	ProjectSection(SolutionItems) = preProject
		build\common.props = build\common.props
	EndProjectSection
EndProject
Project("{2150E333-8FDC-42A3-9474-1A3956D46DE8}") = "samples", "samples", "{DFFFDEC7-B203-40D6-9DA0-B79D9378FDFF}"
EndProject
Project("{2150E333-8FDC-42A3-9474-1A3956D46DE8}") = "src", "src", "{E12F2693-2E5B-45FA-95DD-02EB2CF03740}"
EndProject
Project("{9A19103F-16F7-4668-BE54-9A1E7A4F7556}") = "HB.Framework.Common", "src\HB.Framework.Common\HB.Framework.Common.csproj", "{2B949516-F173-42A1-B148-88B761283CE9}"
EndProject
Project("{9A19103F-16F7-4668-BE54-9A1E7A4F7556}") = "HB.Framework.Database", "src\HB.Framework.Database\HB.Framework.Database.csproj", "{C784291B-90DE-4076-B2AD-F9539331530D}"
EndProject
Project("{9A19103F-16F7-4668-BE54-9A1E7A4F7556}") = "HB.Framework.Cache", "src\HB.Framework.Cache\HB.Framework.Cache.csproj", "{098145F7-5FD2-48DC-92BA-C45CCBD5D4DD}"
EndProject
Project("{9A19103F-16F7-4668-BE54-9A1E7A4F7556}") = "HB.Framework.KVStore", "src\HB.Framework.KVStore\HB.Framework.KVStore.csproj", "{4FD5C61F-C867-4717-8055-53BD43B2C642}"
EndProject
Project("{9A19103F-16F7-4668-BE54-9A1E7A4F7556}") = "HB.Framework.Http", "src\HB.Framework.Http\HB.Framework.Http.csproj", "{800ED8B9-798F-4194-A0B0-313EF131E6EF}"
EndProject
Project("{9A19103F-16F7-4668-BE54-9A1E7A4F7556}") = "HB.Infrastructure.Aliyun", "src\HB.Infrastructure.Aliyun\HB.Infrastructure.Aliyun.csproj", "{8A9EF7E9-1497-4506-9B76-9FEC72BD5281}"
EndProject
Project("{9A19103F-16F7-4668-BE54-9A1E7A4F7556}") = "HB.Infrastructure.MySQL", "src\HB.Infrastructure.MySQL\HB.Infrastructure.MySQL.csproj", "{D7E0309D-FA9F-46AB-A304-92E46F29593E}"
EndProject
Project("{9A19103F-16F7-4668-BE54-9A1E7A4F7556}") = "HB.Infrastructure.Redis", "src\HB.Infrastructure.Redis\HB.Infrastructure.Redis.csproj", "{C4C61C76-7F2B-44C1-8258-1EF802319D36}"
EndProject
Project("{9A19103F-16F7-4668-BE54-9A1E7A4F7556}") = "CommonSample", "samples\CommonSample\CommonSample.csproj", "{63F3868D-D49C-4DC7-9695-5E02941BB42C}"
EndProject
Project("{9A19103F-16F7-4668-BE54-9A1E7A4F7556}") = "HB.Infrastructure.Magick", "src\HB.Infrastructure.Magick\HB.Infrastructure.Magick.csproj", "{1617DE37-D704-4AF5-B17F-145AC95CCDF0}"
EndProject
Project("{9A19103F-16F7-4668-BE54-9A1E7A4F7556}") = "HB.Framework.EventBus", "src\HB.Framework.EventBus\HB.Framework.EventBus.csproj", "{EFF371B4-52C6-44B9-B8F6-17CE208160A6}"
EndProject
Project("{9A19103F-16F7-4668-BE54-9A1E7A4F7556}") = "HB.Infrastructure.Kafka", "src\HB.Infrastructure.Kafka\HB.Infrastructure.Kafka.csproj", "{4C00BA12-F5BF-4672-BAC0-68DF54E8B257}"
EndProject
Project("{2150E333-8FDC-42A3-9474-1A3956D46DE8}") = "BaseBlocks", "BaseBlocks", "{833ACC08-9EF8-4690-B295-18D56D45C4E0}"
EndProject
Project("{2150E333-8FDC-42A3-9474-1A3956D46DE8}") = "Infrastructure", "Infrastructure", "{4281500B-4033-4BEF-8A05-C924EC564467}"
EndProject
Project("{2150E333-8FDC-42A3-9474-1A3956D46DE8}") = "Components", "Components", "{7AB355DB-795C-4A78-9E00-C14D897C31B0}"
EndProject
Project("{9A19103F-16F7-4668-BE54-9A1E7A4F7556}") = "WebDemo", "samples\WebDemo\WebDemo.csproj", "{73E2F3AF-2C09-46C5-9770-1D72E7CA0D23}"
EndProject
Project("{2150E333-8FDC-42A3-9474-1A3956D46DE8}") = "test", "test", "{28ADE730-B02D-4910-9311-1F1088C69829}"
EndProject
Project("{9A19103F-16F7-4668-BE54-9A1E7A4F7556}") = "HB.Framework.Common.Test", "test\HB.Framework.Common.Test\HB.Framework.Common.Test.csproj", "{7A3F216A-3922-4AFA-8FC3-5208FE1ABD7D}"
EndProject
Project("{9A19103F-16F7-4668-BE54-9A1E7A4F7556}") = "HB.Framework.Identity.Test", "test\HB.Framework.Identity.Test\HB.Framework.Identity.Test.csproj", "{656CAA27-3916-435C-96A2-C5D36970A58C}"
EndProject
Project("{9A19103F-16F7-4668-BE54-9A1E7A4F7556}") = "HB.Infrastructure.Aliyun.Test", "test\HB.Infrastructure.Aliyun.Test\HB.Infrastructure.Aliyun.Test.csproj", "{6DC0C1A4-98CD-4D97-B2F6-73B47E539A28}"
EndProject
Project("{9A19103F-16F7-4668-BE54-9A1E7A4F7556}") = "HB.Infrastructure.Redis.Test", "test\HB.Infrastructure.Redis.Test\HB.Infrastructure.Redis.Test.csproj", "{0ED93F06-0DF5-4035-93A8-282EDB51A77E}"
EndProject
Project("{9A19103F-16F7-4668-BE54-9A1E7A4F7556}") = "HB.Component.Common", "src\HB.Component.Common\HB.Component.Common.csproj", "{4F044ADC-497C-4CB1-83E8-417E9BB893EC}"
EndProject
Project("{9A19103F-16F7-4668-BE54-9A1E7A4F7556}") = "HB.Component.Identity", "src\HB.Component.Identity\HB.Component.Identity.csproj", "{81DAEF93-21A8-4262-B0E2-5A9F0B037BB0}"
EndProject
Project("{9A19103F-16F7-4668-BE54-9A1E7A4F7556}") = "HB.Component.CentralizedLogger", "src\HB.Component.CentralizedLogger\HB.Component.CentralizedLogger.csproj", "{B62A4AB5-17CF-4DD2-BD32-9278B315930F}"
EndProject
Project("{9A19103F-16F7-4668-BE54-9A1E7A4F7556}") = "HB.Component.Authorization", "src\HB.Component.Authorization\HB.Component.Authorization.csproj", "{0DC67DC8-B036-4687-BF4D-2128C8212A27}"
EndProject
Project("{2150E333-8FDC-42A3-9474-1A3956D46DE8}") = "libs", "libs", "{E3F87ADC-8DCC-435B-869F-90DD5A88896A}"
EndProject
Project("{9A19103F-16F7-4668-BE54-9A1E7A4F7556}") = "aliyun-net-sdk-core.vs2017", "..\aliyun-openapi-net-sdk\aliyun-net-sdk-core\aliyun-net-sdk-core.vs2017.csproj", "{8EE63B9C-DEFF-4CD9-8FEF-4DF3B388EBC5}"
EndProject
Project("{9A19103F-16F7-4668-BE54-9A1E7A4F7556}") = "aliyun-net-sdk-vod.vs2017", "..\aliyun-openapi-net-sdk\aliyun-net-sdk-vod\aliyun-net-sdk-vod.vs2017.csproj", "{A2C9437D-3BAC-4B72-8A01-A686659AACA2}"
EndProject
Project("{9A19103F-16F7-4668-BE54-9A1E7A4F7556}") = "aliyun-net-sdk-dysmsapi.vs2017", "..\aliyun-net-sdk-dysmsapi\aliyun-net-sdk-dysmsapi.vs2017.csproj", "{AEA5F829-60D0-45E1-9CFD-DB508A4878AC}"
EndProject
Global
	GlobalSection(SolutionConfigurationPlatforms) = preSolution
		Debug|Any CPU = Debug|Any CPU
		Release|Any CPU = Release|Any CPU
	EndGlobalSection
	GlobalSection(ProjectConfigurationPlatforms) = postSolution
		{2B949516-F173-42A1-B148-88B761283CE9}.Debug|Any CPU.ActiveCfg = Debug|Any CPU
		{2B949516-F173-42A1-B148-88B761283CE9}.Debug|Any CPU.Build.0 = Debug|Any CPU
		{2B949516-F173-42A1-B148-88B761283CE9}.Release|Any CPU.ActiveCfg = Release|Any CPU
		{2B949516-F173-42A1-B148-88B761283CE9}.Release|Any CPU.Build.0 = Release|Any CPU
		{C784291B-90DE-4076-B2AD-F9539331530D}.Debug|Any CPU.ActiveCfg = Debug|Any CPU
		{C784291B-90DE-4076-B2AD-F9539331530D}.Debug|Any CPU.Build.0 = Debug|Any CPU
		{C784291B-90DE-4076-B2AD-F9539331530D}.Release|Any CPU.ActiveCfg = Release|Any CPU
		{C784291B-90DE-4076-B2AD-F9539331530D}.Release|Any CPU.Build.0 = Release|Any CPU
		{098145F7-5FD2-48DC-92BA-C45CCBD5D4DD}.Debug|Any CPU.ActiveCfg = Debug|Any CPU
		{098145F7-5FD2-48DC-92BA-C45CCBD5D4DD}.Debug|Any CPU.Build.0 = Debug|Any CPU
		{098145F7-5FD2-48DC-92BA-C45CCBD5D4DD}.Release|Any CPU.ActiveCfg = Release|Any CPU
		{098145F7-5FD2-48DC-92BA-C45CCBD5D4DD}.Release|Any CPU.Build.0 = Release|Any CPU
		{4FD5C61F-C867-4717-8055-53BD43B2C642}.Debug|Any CPU.ActiveCfg = Debug|Any CPU
		{4FD5C61F-C867-4717-8055-53BD43B2C642}.Debug|Any CPU.Build.0 = Debug|Any CPU
		{4FD5C61F-C867-4717-8055-53BD43B2C642}.Release|Any CPU.ActiveCfg = Release|Any CPU
		{4FD5C61F-C867-4717-8055-53BD43B2C642}.Release|Any CPU.Build.0 = Release|Any CPU
		{800ED8B9-798F-4194-A0B0-313EF131E6EF}.Debug|Any CPU.ActiveCfg = Debug|Any CPU
		{800ED8B9-798F-4194-A0B0-313EF131E6EF}.Debug|Any CPU.Build.0 = Debug|Any CPU
		{800ED8B9-798F-4194-A0B0-313EF131E6EF}.Release|Any CPU.ActiveCfg = Release|Any CPU
		{800ED8B9-798F-4194-A0B0-313EF131E6EF}.Release|Any CPU.Build.0 = Release|Any CPU
		{8A9EF7E9-1497-4506-9B76-9FEC72BD5281}.Debug|Any CPU.ActiveCfg = Debug|Any CPU
		{8A9EF7E9-1497-4506-9B76-9FEC72BD5281}.Debug|Any CPU.Build.0 = Debug|Any CPU
		{8A9EF7E9-1497-4506-9B76-9FEC72BD5281}.Release|Any CPU.ActiveCfg = Release|Any CPU
		{8A9EF7E9-1497-4506-9B76-9FEC72BD5281}.Release|Any CPU.Build.0 = Release|Any CPU
		{D7E0309D-FA9F-46AB-A304-92E46F29593E}.Debug|Any CPU.ActiveCfg = Debug|Any CPU
		{D7E0309D-FA9F-46AB-A304-92E46F29593E}.Debug|Any CPU.Build.0 = Debug|Any CPU
		{D7E0309D-FA9F-46AB-A304-92E46F29593E}.Release|Any CPU.ActiveCfg = Release|Any CPU
		{D7E0309D-FA9F-46AB-A304-92E46F29593E}.Release|Any CPU.Build.0 = Release|Any CPU
		{C4C61C76-7F2B-44C1-8258-1EF802319D36}.Debug|Any CPU.ActiveCfg = Debug|Any CPU
		{C4C61C76-7F2B-44C1-8258-1EF802319D36}.Debug|Any CPU.Build.0 = Debug|Any CPU
		{C4C61C76-7F2B-44C1-8258-1EF802319D36}.Release|Any CPU.ActiveCfg = Release|Any CPU
		{C4C61C76-7F2B-44C1-8258-1EF802319D36}.Release|Any CPU.Build.0 = Release|Any CPU
		{63F3868D-D49C-4DC7-9695-5E02941BB42C}.Debug|Any CPU.ActiveCfg = Debug|Any CPU
		{63F3868D-D49C-4DC7-9695-5E02941BB42C}.Debug|Any CPU.Build.0 = Debug|Any CPU
		{63F3868D-D49C-4DC7-9695-5E02941BB42C}.Debug|Any CPU.Deploy.0 = Debug|Any CPU
		{63F3868D-D49C-4DC7-9695-5E02941BB42C}.Release|Any CPU.ActiveCfg = Release|Any CPU
		{63F3868D-D49C-4DC7-9695-5E02941BB42C}.Release|Any CPU.Build.0 = Release|Any CPU
		{1617DE37-D704-4AF5-B17F-145AC95CCDF0}.Debug|Any CPU.ActiveCfg = Debug|Any CPU
		{1617DE37-D704-4AF5-B17F-145AC95CCDF0}.Debug|Any CPU.Build.0 = Debug|Any CPU
		{1617DE37-D704-4AF5-B17F-145AC95CCDF0}.Release|Any CPU.ActiveCfg = Release|Any CPU
		{1617DE37-D704-4AF5-B17F-145AC95CCDF0}.Release|Any CPU.Build.0 = Release|Any CPU
		{EFF371B4-52C6-44B9-B8F6-17CE208160A6}.Debug|Any CPU.ActiveCfg = Debug|Any CPU
		{EFF371B4-52C6-44B9-B8F6-17CE208160A6}.Debug|Any CPU.Build.0 = Debug|Any CPU
		{EFF371B4-52C6-44B9-B8F6-17CE208160A6}.Release|Any CPU.ActiveCfg = Release|Any CPU
		{EFF371B4-52C6-44B9-B8F6-17CE208160A6}.Release|Any CPU.Build.0 = Release|Any CPU
		{4C00BA12-F5BF-4672-BAC0-68DF54E8B257}.Debug|Any CPU.ActiveCfg = Debug|Any CPU
		{4C00BA12-F5BF-4672-BAC0-68DF54E8B257}.Debug|Any CPU.Build.0 = Debug|Any CPU
		{4C00BA12-F5BF-4672-BAC0-68DF54E8B257}.Release|Any CPU.ActiveCfg = Release|Any CPU
		{4C00BA12-F5BF-4672-BAC0-68DF54E8B257}.Release|Any CPU.Build.0 = Release|Any CPU
		{73E2F3AF-2C09-46C5-9770-1D72E7CA0D23}.Debug|Any CPU.ActiveCfg = Debug|Any CPU
		{73E2F3AF-2C09-46C5-9770-1D72E7CA0D23}.Debug|Any CPU.Build.0 = Debug|Any CPU
		{73E2F3AF-2C09-46C5-9770-1D72E7CA0D23}.Release|Any CPU.ActiveCfg = Release|Any CPU
		{73E2F3AF-2C09-46C5-9770-1D72E7CA0D23}.Release|Any CPU.Build.0 = Release|Any CPU
		{7A3F216A-3922-4AFA-8FC3-5208FE1ABD7D}.Debug|Any CPU.ActiveCfg = Debug|Any CPU
		{7A3F216A-3922-4AFA-8FC3-5208FE1ABD7D}.Debug|Any CPU.Build.0 = Debug|Any CPU
		{7A3F216A-3922-4AFA-8FC3-5208FE1ABD7D}.Release|Any CPU.ActiveCfg = Release|Any CPU
		{7A3F216A-3922-4AFA-8FC3-5208FE1ABD7D}.Release|Any CPU.Build.0 = Release|Any CPU
		{656CAA27-3916-435C-96A2-C5D36970A58C}.Debug|Any CPU.ActiveCfg = Debug|Any CPU
		{656CAA27-3916-435C-96A2-C5D36970A58C}.Debug|Any CPU.Build.0 = Debug|Any CPU
		{656CAA27-3916-435C-96A2-C5D36970A58C}.Release|Any CPU.ActiveCfg = Release|Any CPU
		{656CAA27-3916-435C-96A2-C5D36970A58C}.Release|Any CPU.Build.0 = Release|Any CPU
		{6DC0C1A4-98CD-4D97-B2F6-73B47E539A28}.Debug|Any CPU.ActiveCfg = Debug|Any CPU
		{6DC0C1A4-98CD-4D97-B2F6-73B47E539A28}.Debug|Any CPU.Build.0 = Debug|Any CPU
		{6DC0C1A4-98CD-4D97-B2F6-73B47E539A28}.Release|Any CPU.ActiveCfg = Release|Any CPU
		{6DC0C1A4-98CD-4D97-B2F6-73B47E539A28}.Release|Any CPU.Build.0 = Release|Any CPU
		{0ED93F06-0DF5-4035-93A8-282EDB51A77E}.Debug|Any CPU.ActiveCfg = Debug|Any CPU
		{0ED93F06-0DF5-4035-93A8-282EDB51A77E}.Debug|Any CPU.Build.0 = Debug|Any CPU
		{0ED93F06-0DF5-4035-93A8-282EDB51A77E}.Release|Any CPU.ActiveCfg = Release|Any CPU
		{0ED93F06-0DF5-4035-93A8-282EDB51A77E}.Release|Any CPU.Build.0 = Release|Any CPU
		{4F044ADC-497C-4CB1-83E8-417E9BB893EC}.Debug|Any CPU.ActiveCfg = Debug|Any CPU
		{4F044ADC-497C-4CB1-83E8-417E9BB893EC}.Debug|Any CPU.Build.0 = Debug|Any CPU
		{4F044ADC-497C-4CB1-83E8-417E9BB893EC}.Release|Any CPU.ActiveCfg = Release|Any CPU
		{4F044ADC-497C-4CB1-83E8-417E9BB893EC}.Release|Any CPU.Build.0 = Release|Any CPU
		{81DAEF93-21A8-4262-B0E2-5A9F0B037BB0}.Debug|Any CPU.ActiveCfg = Debug|Any CPU
		{81DAEF93-21A8-4262-B0E2-5A9F0B037BB0}.Debug|Any CPU.Build.0 = Debug|Any CPU
		{81DAEF93-21A8-4262-B0E2-5A9F0B037BB0}.Release|Any CPU.ActiveCfg = Release|Any CPU
		{81DAEF93-21A8-4262-B0E2-5A9F0B037BB0}.Release|Any CPU.Build.0 = Release|Any CPU
		{B62A4AB5-17CF-4DD2-BD32-9278B315930F}.Debug|Any CPU.ActiveCfg = Debug|Any CPU
		{B62A4AB5-17CF-4DD2-BD32-9278B315930F}.Debug|Any CPU.Build.0 = Debug|Any CPU
		{B62A4AB5-17CF-4DD2-BD32-9278B315930F}.Release|Any CPU.ActiveCfg = Release|Any CPU
		{B62A4AB5-17CF-4DD2-BD32-9278B315930F}.Release|Any CPU.Build.0 = Release|Any CPU
		{0DC67DC8-B036-4687-BF4D-2128C8212A27}.Debug|Any CPU.ActiveCfg = Debug|Any CPU
		{0DC67DC8-B036-4687-BF4D-2128C8212A27}.Debug|Any CPU.Build.0 = Debug|Any CPU
		{0DC67DC8-B036-4687-BF4D-2128C8212A27}.Release|Any CPU.ActiveCfg = Release|Any CPU
		{0DC67DC8-B036-4687-BF4D-2128C8212A27}.Release|Any CPU.Build.0 = Release|Any CPU
		{8EE63B9C-DEFF-4CD9-8FEF-4DF3B388EBC5}.Debug|Any CPU.ActiveCfg = Debug|Any CPU
		{8EE63B9C-DEFF-4CD9-8FEF-4DF3B388EBC5}.Debug|Any CPU.Build.0 = Debug|Any CPU
		{8EE63B9C-DEFF-4CD9-8FEF-4DF3B388EBC5}.Release|Any CPU.ActiveCfg = Release|Any CPU
		{8EE63B9C-DEFF-4CD9-8FEF-4DF3B388EBC5}.Release|Any CPU.Build.0 = Release|Any CPU
		{A2C9437D-3BAC-4B72-8A01-A686659AACA2}.Debug|Any CPU.ActiveCfg = Debug|Any CPU
		{A2C9437D-3BAC-4B72-8A01-A686659AACA2}.Debug|Any CPU.Build.0 = Debug|Any CPU
		{A2C9437D-3BAC-4B72-8A01-A686659AACA2}.Release|Any CPU.ActiveCfg = Release|Any CPU
		{A2C9437D-3BAC-4B72-8A01-A686659AACA2}.Release|Any CPU.Build.0 = Release|Any CPU
		{AEA5F829-60D0-45E1-9CFD-DB508A4878AC}.Debug|Any CPU.ActiveCfg = Debug|Any CPU
		{AEA5F829-60D0-45E1-9CFD-DB508A4878AC}.Debug|Any CPU.Build.0 = Debug|Any CPU
		{AEA5F829-60D0-45E1-9CFD-DB508A4878AC}.Release|Any CPU.ActiveCfg = Release|Any CPU
		{AEA5F829-60D0-45E1-9CFD-DB508A4878AC}.Release|Any CPU.Build.0 = Release|Any CPU
	EndGlobalSection
	GlobalSection(SolutionProperties) = preSolution
		HideSolutionNode = FALSE
	EndGlobalSection
	GlobalSection(NestedProjects) = preSolution
		{C827D983-7A2A-437E-8E7E-16A37BF1A41D} = {FA6E769E-482A-4A98-85B1-39CFEF3ABE79}
		{2B949516-F173-42A1-B148-88B761283CE9} = {833ACC08-9EF8-4690-B295-18D56D45C4E0}
		{C784291B-90DE-4076-B2AD-F9539331530D} = {833ACC08-9EF8-4690-B295-18D56D45C4E0}
		{098145F7-5FD2-48DC-92BA-C45CCBD5D4DD} = {833ACC08-9EF8-4690-B295-18D56D45C4E0}
		{4FD5C61F-C867-4717-8055-53BD43B2C642} = {833ACC08-9EF8-4690-B295-18D56D45C4E0}
		{800ED8B9-798F-4194-A0B0-313EF131E6EF} = {833ACC08-9EF8-4690-B295-18D56D45C4E0}
		{8A9EF7E9-1497-4506-9B76-9FEC72BD5281} = {4281500B-4033-4BEF-8A05-C924EC564467}
		{D7E0309D-FA9F-46AB-A304-92E46F29593E} = {4281500B-4033-4BEF-8A05-C924EC564467}
		{C4C61C76-7F2B-44C1-8258-1EF802319D36} = {4281500B-4033-4BEF-8A05-C924EC564467}
		{63F3868D-D49C-4DC7-9695-5E02941BB42C} = {DFFFDEC7-B203-40D6-9DA0-B79D9378FDFF}
		{1617DE37-D704-4AF5-B17F-145AC95CCDF0} = {4281500B-4033-4BEF-8A05-C924EC564467}
		{EFF371B4-52C6-44B9-B8F6-17CE208160A6} = {833ACC08-9EF8-4690-B295-18D56D45C4E0}
		{4C00BA12-F5BF-4672-BAC0-68DF54E8B257} = {4281500B-4033-4BEF-8A05-C924EC564467}
		{833ACC08-9EF8-4690-B295-18D56D45C4E0} = {E12F2693-2E5B-45FA-95DD-02EB2CF03740}
		{4281500B-4033-4BEF-8A05-C924EC564467} = {E12F2693-2E5B-45FA-95DD-02EB2CF03740}
		{7AB355DB-795C-4A78-9E00-C14D897C31B0} = {E12F2693-2E5B-45FA-95DD-02EB2CF03740}
		{73E2F3AF-2C09-46C5-9770-1D72E7CA0D23} = {DFFFDEC7-B203-40D6-9DA0-B79D9378FDFF}
		{7A3F216A-3922-4AFA-8FC3-5208FE1ABD7D} = {28ADE730-B02D-4910-9311-1F1088C69829}
		{656CAA27-3916-435C-96A2-C5D36970A58C} = {28ADE730-B02D-4910-9311-1F1088C69829}
		{6DC0C1A4-98CD-4D97-B2F6-73B47E539A28} = {28ADE730-B02D-4910-9311-1F1088C69829}
		{0ED93F06-0DF5-4035-93A8-282EDB51A77E} = {28ADE730-B02D-4910-9311-1F1088C69829}
		{4F044ADC-497C-4CB1-83E8-417E9BB893EC} = {7AB355DB-795C-4A78-9E00-C14D897C31B0}
		{81DAEF93-21A8-4262-B0E2-5A9F0B037BB0} = {7AB355DB-795C-4A78-9E00-C14D897C31B0}
		{B62A4AB5-17CF-4DD2-BD32-9278B315930F} = {7AB355DB-795C-4A78-9E00-C14D897C31B0}
		{0DC67DC8-B036-4687-BF4D-2128C8212A27} = {7AB355DB-795C-4A78-9E00-C14D897C31B0}
		{8EE63B9C-DEFF-4CD9-8FEF-4DF3B388EBC5} = {E3F87ADC-8DCC-435B-869F-90DD5A88896A}
		{A2C9437D-3BAC-4B72-8A01-A686659AACA2} = {E3F87ADC-8DCC-435B-869F-90DD5A88896A}
		{AEA5F829-60D0-45E1-9CFD-DB508A4878AC} = {E3F87ADC-8DCC-435B-869F-90DD5A88896A}
	EndGlobalSection
	GlobalSection(ExtensibilityGlobals) = postSolution
		SolutionGuid = {81307950-DF5A-4A8D-B3B9-6724112D8232}
	EndGlobalSection
EndGlobal
