
Microsoft Visual Studio Solution File, Format Version 12.00
# Visual Studio Version 17
VisualStudioVersion = 17.0.31815.197
MinimumVisualStudioVersion = 10.0.40219.1
Project("{9A19103F-16F7-4668-BE54-9A1E7A4F7556}") = "HB.FullStack.Common", "src\HB.FullStack.Common\HB.FullStack.Common.csproj", "{8549A27A-5DE3-44E0-B9C7-0264AC0C6042}"
EndProject
Project("{9A19103F-16F7-4668-BE54-9A1E7A4F7556}") = "HB.FullStack.KVStore", "src\HB.FullStack.KVStore\HB.FullStack.KVStore.csproj", "{6D3ADDF9-F6E7-4082-911A-AB3EB309CF17}"
EndProject
Project("{9A19103F-16F7-4668-BE54-9A1E7A4F7556}") = "HB.FullStack.EventBus", "src\HB.FullStack.EventBus\HB.FullStack.EventBus.csproj", "{532C8872-4773-4ECD-AC75-411B4CBEC601}"
EndProject
Project("{9A19103F-16F7-4668-BE54-9A1E7A4F7556}") = "HB.FullStack.Database", "src\HB.FullStack.Database\HB.FullStack.Database.csproj", "{16885759-5868-4484-B946-63D977522C91}"
EndProject
Project("{9A19103F-16F7-4668-BE54-9A1E7A4F7556}") = "HB.Infrastructure.SQLite", "src\HB.Infrastructure.SQLite\HB.Infrastructure.SQLite.csproj", "{E5011CF3-D6C9-430E-B1C9-FB873C4F2B02}"
EndProject
Project("{9A19103F-16F7-4668-BE54-9A1E7A4F7556}") = "HB.Infrastructure.MySQL", "src\HB.Infrastructure.MySQL\HB.Infrastructure.MySQL.csproj", "{94403123-B19B-43EA-A390-9368AD966083}"
EndProject
Project("{9A19103F-16F7-4668-BE54-9A1E7A4F7556}") = "HB.FullStack.Repository", "src\HB.FullStack.Business\HB.FullStack.Repository.csproj", "{B5C6C3CD-5FE4-4217-88A5-16B0FA977099}"
EndProject
Project("{9A19103F-16F7-4668-BE54-9A1E7A4F7556}") = "HB.FullStack.Lock", "src\HB.FullStack.DistributedLock\HB.FullStack.Lock.csproj", "{876B10C8-62F2-4182-87B1-AB8EC7528A2B}"
EndProject
Project("{9A19103F-16F7-4668-BE54-9A1E7A4F7556}") = "HB.FullStack.WebApi", "src\HB.FullStack.Http\HB.FullStack.WebApi.csproj", "{27CC76A9-A790-4816-B8C2-AD855157F3CE}"
EndProject
Project("{9A19103F-16F7-4668-BE54-9A1E7A4F7556}") = "HB.Infrastructure.IdGen", "src\HB.Infrastructure.IdGen\HB.Infrastructure.IdGen.csproj", "{DA1BF01A-2950-4D0E-8CDD-04F9D7D62030}"
EndProject
Project("{2150E333-8FDC-42A3-9474-1A3956D46DE8}") = "Solution Items", "Solution Items", "{08E380BB-5C31-440F-A368-A9E94F01370C}"
	ProjectSection(SolutionItems) = preProject
		.editorconfig = .editorconfig
		.gitattributes = .gitattributes
		.gitignore = .gitignore
		common.props = common.props
		CommonTest.props = CommonTest.props
		global_back.json = global_back.json
		publish_to_nuget.ps1 = publish_to_nuget.ps1
		README.md = README.md
	EndProjectSection
EndProject
Project("{9A19103F-16F7-4668-BE54-9A1E7A4F7556}") = "HB.FullStack.Identity", "src\HB.FullStack.Identity\HB.FullStack.Identity.csproj", "{1045EDFA-1CFE-402D-AA16-A708F58BC50B}"
EndProject
Project("{9A19103F-16F7-4668-BE54-9A1E7A4F7556}") = "HB.Infrastructure.Redis.EventBus", "src\HB.Infrastructure.Redis.EventBus\HB.Infrastructure.Redis.EventBus.csproj", "{FDC80253-6604-4960-9B0D-4FC60C52003E}"
EndProject
Project("{9A19103F-16F7-4668-BE54-9A1E7A4F7556}") = "HB.Infrastructure.Redis.Cache", "src\HB.Infrastructure.Redis.Cache\HB.Infrastructure.Redis.Cache.csproj", "{83E6A105-C465-46C7-99B8-EE705A805C6C}"
EndProject
Project("{9A19103F-16F7-4668-BE54-9A1E7A4F7556}") = "HB.Infrastructure.Redis.KVStore", "src\HB.Infrastructure.Redis.KVStore\HB.Infrastructure.Redis.KVStore.csproj", "{31D840A7-1B5A-45A2-97C5-0D9BF66DFBCD}"
EndProject
Project("{9A19103F-16F7-4668-BE54-9A1E7A4F7556}") = "HB.Infrastructure.Redis.DistributedLock", "src\HB.Infrastructure.Redis.DistributedLock\HB.Infrastructure.Redis.DistributedLock.csproj", "{1EBED9D1-D2E4-4E70-8469-218E89E8AC7A}"
EndProject
Project("{D954291E-2A0B-460D-934E-DC6B0785DB48}") = "HB.Infrastructure.Redis.Shared", "src\HB.Infrastructure.Redis.Shared\HB.Infrastructure.Redis.Shared.shproj", "{05D89622-F591-4330-AFFC-2CA4987ADDEF}"
EndProject
Project("{9A19103F-16F7-4668-BE54-9A1E7A4F7556}") = "HB.Infrastructure.Aliyun", "src\HB.Infrastructure.Aliyun\HB.Infrastructure.Aliyun.csproj", "{3C33BC22-DF68-4C84-A940-E5F2DE261FA7}"
EndProject
Project("{2150E333-8FDC-42A3-9474-1A3956D46DE8}") = "Core", "Core", "{5DDFD808-395F-4463-BDDC-D56089B1E77C}"
EndProject
Project("{2150E333-8FDC-42A3-9474-1A3956D46DE8}") = "Client", "Client", "{3BAF3F98-EE2A-467F-BF25-2BAB1409F511}"
EndProject
Project("{9A19103F-16F7-4668-BE54-9A1E7A4F7556}") = "HB.Infrastructure.Tencent", "src\HB.Infrastructure.Tencent\HB.Infrastructure.Tencent.csproj", "{7A73BA23-17B7-45CE-8D8F-23161FDFC55B}"
EndProject
Project("{2150E333-8FDC-42A3-9474-1A3956D46DE8}") = "Server", "Server", "{AE389908-33C3-4113-BF55-A45C817AB4F1}"
EndProject
Project("{9A19103F-16F7-4668-BE54-9A1E7A4F7556}") = "HB.FullStack.Client", "src\HB.FullStack.Client\HB.FullStack.Client.csproj", "{B1740970-B195-40AE-8112-4035992DFD60}"
EndProject
Project("{2150E333-8FDC-42A3-9474-1A3956D46DE8}") = "Tests", "Tests", "{356DFEDA-0A17-4566-BC17-3E8C5BF527ED}"
EndProject
Project("{9A19103F-16F7-4668-BE54-9A1E7A4F7556}") = "HB.FullStack.BaseTest", "test\HB.FullStack.BaseTest\HB.FullStack.BaseTest.csproj", "{5C8694E7-70ED-4E96-BCB4-C1A675BD4322}"
EndProject
Project("{9A19103F-16F7-4668-BE54-9A1E7A4F7556}") = "HB.FullStack.CommonTests", "test\HB.FullStack.CommonTests\HB.FullStack.CommonTests.csproj", "{5825FCDC-D57D-4719-ADC6-B351174B4159}"
EndProject
Project("{9A19103F-16F7-4668-BE54-9A1E7A4F7556}") = "HB.FullStack.CacheTests", "test\HB.FullStack.CacheTests\HB.FullStack.CacheTests.csproj", "{0924C701-82EC-4944-BE2F-84CF4502BDF6}"
EndProject
Project("{9A19103F-16F7-4668-BE54-9A1E7A4F7556}") = "HB.FullStack.DatabaseTests", "test\HB.FullStack.DatabaseTests\HB.FullStack.DatabaseTests.csproj", "{C6373921-25B9-4D93-905E-2D5F99CBBC3F}"
EndProject
Project("{9A19103F-16F7-4668-BE54-9A1E7A4F7556}") = "HB.FullStack.EventBusTests", "test\HB.FullStack.EventBusTests\HB.FullStack.EventBusTests.csproj", "{F83D3A33-B64E-497F-8957-8AB54211A066}"
EndProject
Project("{9A19103F-16F7-4668-BE54-9A1E7A4F7556}") = "HB.FullStack.IdGenTests", "test\HB.FullStack.IdGenTests\HB.FullStack.IdGenTests.csproj", "{3F007711-BE60-4074-B007-00F1482D76CF}"
EndProject
Project("{9A19103F-16F7-4668-BE54-9A1E7A4F7556}") = "HB.FullStack.KVStoreTests", "test\HB.FullStack.KVStoreTests\HB.FullStack.KVStoreTests.csproj", "{024E04CA-2BA4-4EF1-8194-B70D996F3850}"
EndProject
Project("{9A19103F-16F7-4668-BE54-9A1E7A4F7556}") = "HB.FullStack.IdentityTests", "test\HB.FullStack.IdentityTests\HB.FullStack.IdentityTests.csproj", "{09870B72-E387-4243-80CB-38C2115F2211}"
EndProject
Project("{9A19103F-16F7-4668-BE54-9A1E7A4F7556}") = "HB.FullStack.LockTests", "test\HB.FullStack.LockTests\HB.FullStack.LockTests.csproj", "{368092C3-27C5-4593-92DE-1C66800A135A}"
EndProject
Project("{9A19103F-16F7-4668-BE54-9A1E7A4F7556}") = "HB.Infrastructure.TencentTests", "test\HB.Infrastructure.TencentTests\HB.Infrastructure.TencentTests.csproj", "{3179B4CD-13C0-421C-A396-B329AD85D416}"
EndProject
Project("{9A19103F-16F7-4668-BE54-9A1E7A4F7556}") = "TestProject1", "test\TestProject1\TestProject1.csproj", "{9556FE4E-B261-4ABD-AC18-54D2C44D2F7C}"
EndProject
Project("{9A19103F-16F7-4668-BE54-9A1E7A4F7556}") = "HB.FullStack.Common.SourceGenerators", "src\HB.FullStack.Common.SourceGenerators\HB.FullStack.Common.SourceGenerators.csproj", "{F76F26AC-8403-4584-AB8D-7300B9BE8415}"
EndProject
Project("{9A19103F-16F7-4668-BE54-9A1E7A4F7556}") = "HB.FullStack.Database.SourceGenerators", "src\HB.FullStack.Database.SourceGenerators\HB.FullStack.Database.SourceGenerators.csproj", "{FE57071F-645C-42DC-B6AC-B1A28F5A8D99}"
EndProject
Project("{9A19103F-16F7-4668-BE54-9A1E7A4F7556}") = "HB.FullStack.Cache", "src\HB.FullStack.Cache\HB.FullStack.Cache.csproj", "{0BA7A46A-FC52-4E69-89CF-7D2F7695A778}"
EndProject
Project("{9A19103F-16F7-4668-BE54-9A1E7A4F7556}") = "HB.FullStack.Client.Maui", "src\HB.FullStack.Client.Maui\HB.FullStack.Client.Maui.csproj", "{4D657D7B-3FBA-4DD1-8D1A-05EC1588EAFF}"
EndProject
Project("{2150E333-8FDC-42A3-9474-1A3956D46DE8}") = "Database", "Database", "{44E87002-0B29-4AEB-B758-187109EFA571}"
EndProject
Project("{2150E333-8FDC-42A3-9474-1A3956D46DE8}") = "TSamples", "TSamples", "{CAA7A8D2-B0DB-47CD-9BB2-88320BF40A67}"
	ProjectSection(SolutionItems) = preProject
		Todo.md = Todo.md
	EndProjectSection
EndProject
Project("{9A19103F-16F7-4668-BE54-9A1E7A4F7556}") = "Todo.Shared", "Samples\Todo.Shared\Todo.Shared.csproj", "{AF7D648F-755B-4AED-87F6-A44B9AEE2ACD}"
EndProject
Project("{9A19103F-16F7-4668-BE54-9A1E7A4F7556}") = "Todo.Server.Main", "Samples\Todo.Server.Main\Todo.Server.Main.csproj", "{559AB11C-0C01-41AF-833A-C748366CBEFB}"
EndProject
Project("{9A19103F-16F7-4668-BE54-9A1E7A4F7556}") = "Todo.Client.Maui", "Samples\Todo.Client.Maui\Todo.Client.Maui.csproj", "{E331D5EE-F168-43EB-9F25-5DFF3419F535}"
EndProject
Project("{FAE04EC0-301F-11D3-BF4B-00C04F79EFBC}") = "Todo.Server.Hub", "Samples\Todo.Server.Hub\Todo.Server.Hub.csproj", "{75D45A3B-DD28-4585-A8AD-420AC5C8697C}"
EndProject
Global
	GlobalSection(SolutionConfigurationPlatforms) = preSolution
		Debug|Any CPU = Debug|Any CPU
		Release|Any CPU = Release|Any CPU
	EndGlobalSection
	GlobalSection(ProjectConfigurationPlatforms) = postSolution
		{8549A27A-5DE3-44E0-B9C7-0264AC0C6042}.Debug|Any CPU.ActiveCfg = Debug|Any CPU
		{8549A27A-5DE3-44E0-B9C7-0264AC0C6042}.Debug|Any CPU.Build.0 = Debug|Any CPU
		{8549A27A-5DE3-44E0-B9C7-0264AC0C6042}.Release|Any CPU.ActiveCfg = Release|Any CPU
		{8549A27A-5DE3-44E0-B9C7-0264AC0C6042}.Release|Any CPU.Build.0 = Release|Any CPU
		{6D3ADDF9-F6E7-4082-911A-AB3EB309CF17}.Debug|Any CPU.ActiveCfg = Debug|Any CPU
		{6D3ADDF9-F6E7-4082-911A-AB3EB309CF17}.Debug|Any CPU.Build.0 = Debug|Any CPU
		{6D3ADDF9-F6E7-4082-911A-AB3EB309CF17}.Release|Any CPU.ActiveCfg = Release|Any CPU
		{6D3ADDF9-F6E7-4082-911A-AB3EB309CF17}.Release|Any CPU.Build.0 = Release|Any CPU
		{532C8872-4773-4ECD-AC75-411B4CBEC601}.Debug|Any CPU.ActiveCfg = Debug|Any CPU
		{532C8872-4773-4ECD-AC75-411B4CBEC601}.Debug|Any CPU.Build.0 = Debug|Any CPU
		{532C8872-4773-4ECD-AC75-411B4CBEC601}.Release|Any CPU.ActiveCfg = Release|Any CPU
		{532C8872-4773-4ECD-AC75-411B4CBEC601}.Release|Any CPU.Build.0 = Release|Any CPU
		{16885759-5868-4484-B946-63D977522C91}.Debug|Any CPU.ActiveCfg = Debug|Any CPU
		{16885759-5868-4484-B946-63D977522C91}.Debug|Any CPU.Build.0 = Debug|Any CPU
		{16885759-5868-4484-B946-63D977522C91}.Release|Any CPU.ActiveCfg = Release|Any CPU
		{16885759-5868-4484-B946-63D977522C91}.Release|Any CPU.Build.0 = Release|Any CPU
		{E5011CF3-D6C9-430E-B1C9-FB873C4F2B02}.Debug|Any CPU.ActiveCfg = Debug|Any CPU
		{E5011CF3-D6C9-430E-B1C9-FB873C4F2B02}.Debug|Any CPU.Build.0 = Debug|Any CPU
		{E5011CF3-D6C9-430E-B1C9-FB873C4F2B02}.Release|Any CPU.ActiveCfg = Release|Any CPU
		{E5011CF3-D6C9-430E-B1C9-FB873C4F2B02}.Release|Any CPU.Build.0 = Release|Any CPU
		{94403123-B19B-43EA-A390-9368AD966083}.Debug|Any CPU.ActiveCfg = Debug|Any CPU
		{94403123-B19B-43EA-A390-9368AD966083}.Debug|Any CPU.Build.0 = Debug|Any CPU
		{94403123-B19B-43EA-A390-9368AD966083}.Release|Any CPU.ActiveCfg = Release|Any CPU
		{94403123-B19B-43EA-A390-9368AD966083}.Release|Any CPU.Build.0 = Release|Any CPU
		{B5C6C3CD-5FE4-4217-88A5-16B0FA977099}.Debug|Any CPU.ActiveCfg = Debug|Any CPU
		{B5C6C3CD-5FE4-4217-88A5-16B0FA977099}.Debug|Any CPU.Build.0 = Debug|Any CPU
		{B5C6C3CD-5FE4-4217-88A5-16B0FA977099}.Release|Any CPU.ActiveCfg = Release|Any CPU
		{B5C6C3CD-5FE4-4217-88A5-16B0FA977099}.Release|Any CPU.Build.0 = Release|Any CPU
		{876B10C8-62F2-4182-87B1-AB8EC7528A2B}.Debug|Any CPU.ActiveCfg = Debug|Any CPU
		{876B10C8-62F2-4182-87B1-AB8EC7528A2B}.Debug|Any CPU.Build.0 = Debug|Any CPU
		{876B10C8-62F2-4182-87B1-AB8EC7528A2B}.Release|Any CPU.ActiveCfg = Release|Any CPU
		{876B10C8-62F2-4182-87B1-AB8EC7528A2B}.Release|Any CPU.Build.0 = Release|Any CPU
		{27CC76A9-A790-4816-B8C2-AD855157F3CE}.Debug|Any CPU.ActiveCfg = Debug|Any CPU
		{27CC76A9-A790-4816-B8C2-AD855157F3CE}.Debug|Any CPU.Build.0 = Debug|Any CPU
		{27CC76A9-A790-4816-B8C2-AD855157F3CE}.Release|Any CPU.ActiveCfg = Release|Any CPU
		{27CC76A9-A790-4816-B8C2-AD855157F3CE}.Release|Any CPU.Build.0 = Release|Any CPU
		{DA1BF01A-2950-4D0E-8CDD-04F9D7D62030}.Debug|Any CPU.ActiveCfg = Debug|Any CPU
		{DA1BF01A-2950-4D0E-8CDD-04F9D7D62030}.Debug|Any CPU.Build.0 = Debug|Any CPU
		{DA1BF01A-2950-4D0E-8CDD-04F9D7D62030}.Release|Any CPU.ActiveCfg = Release|Any CPU
		{DA1BF01A-2950-4D0E-8CDD-04F9D7D62030}.Release|Any CPU.Build.0 = Release|Any CPU
		{1045EDFA-1CFE-402D-AA16-A708F58BC50B}.Debug|Any CPU.ActiveCfg = Debug|Any CPU
		{1045EDFA-1CFE-402D-AA16-A708F58BC50B}.Debug|Any CPU.Build.0 = Debug|Any CPU
		{1045EDFA-1CFE-402D-AA16-A708F58BC50B}.Release|Any CPU.ActiveCfg = Release|Any CPU
		{1045EDFA-1CFE-402D-AA16-A708F58BC50B}.Release|Any CPU.Build.0 = Release|Any CPU
		{FDC80253-6604-4960-9B0D-4FC60C52003E}.Debug|Any CPU.ActiveCfg = Debug|Any CPU
		{FDC80253-6604-4960-9B0D-4FC60C52003E}.Debug|Any CPU.Build.0 = Debug|Any CPU
		{FDC80253-6604-4960-9B0D-4FC60C52003E}.Release|Any CPU.ActiveCfg = Release|Any CPU
		{FDC80253-6604-4960-9B0D-4FC60C52003E}.Release|Any CPU.Build.0 = Release|Any CPU
		{83E6A105-C465-46C7-99B8-EE705A805C6C}.Debug|Any CPU.ActiveCfg = Debug|Any CPU
		{83E6A105-C465-46C7-99B8-EE705A805C6C}.Debug|Any CPU.Build.0 = Debug|Any CPU
		{83E6A105-C465-46C7-99B8-EE705A805C6C}.Release|Any CPU.ActiveCfg = Release|Any CPU
		{83E6A105-C465-46C7-99B8-EE705A805C6C}.Release|Any CPU.Build.0 = Release|Any CPU
		{31D840A7-1B5A-45A2-97C5-0D9BF66DFBCD}.Debug|Any CPU.ActiveCfg = Debug|Any CPU
		{31D840A7-1B5A-45A2-97C5-0D9BF66DFBCD}.Debug|Any CPU.Build.0 = Debug|Any CPU
		{31D840A7-1B5A-45A2-97C5-0D9BF66DFBCD}.Release|Any CPU.ActiveCfg = Release|Any CPU
		{31D840A7-1B5A-45A2-97C5-0D9BF66DFBCD}.Release|Any CPU.Build.0 = Release|Any CPU
		{1EBED9D1-D2E4-4E70-8469-218E89E8AC7A}.Debug|Any CPU.ActiveCfg = Debug|Any CPU
		{1EBED9D1-D2E4-4E70-8469-218E89E8AC7A}.Debug|Any CPU.Build.0 = Debug|Any CPU
		{1EBED9D1-D2E4-4E70-8469-218E89E8AC7A}.Release|Any CPU.ActiveCfg = Release|Any CPU
		{1EBED9D1-D2E4-4E70-8469-218E89E8AC7A}.Release|Any CPU.Build.0 = Release|Any CPU
		{3C33BC22-DF68-4C84-A940-E5F2DE261FA7}.Debug|Any CPU.ActiveCfg = Debug|Any CPU
		{3C33BC22-DF68-4C84-A940-E5F2DE261FA7}.Debug|Any CPU.Build.0 = Debug|Any CPU
		{3C33BC22-DF68-4C84-A940-E5F2DE261FA7}.Release|Any CPU.ActiveCfg = Release|Any CPU
		{3C33BC22-DF68-4C84-A940-E5F2DE261FA7}.Release|Any CPU.Build.0 = Release|Any CPU
		{7A73BA23-17B7-45CE-8D8F-23161FDFC55B}.Debug|Any CPU.ActiveCfg = Debug|Any CPU
		{7A73BA23-17B7-45CE-8D8F-23161FDFC55B}.Debug|Any CPU.Build.0 = Debug|Any CPU
		{7A73BA23-17B7-45CE-8D8F-23161FDFC55B}.Release|Any CPU.ActiveCfg = Release|Any CPU
		{7A73BA23-17B7-45CE-8D8F-23161FDFC55B}.Release|Any CPU.Build.0 = Release|Any CPU
		{B1740970-B195-40AE-8112-4035992DFD60}.Debug|Any CPU.ActiveCfg = Debug|Any CPU
		{B1740970-B195-40AE-8112-4035992DFD60}.Debug|Any CPU.Build.0 = Debug|Any CPU
		{B1740970-B195-40AE-8112-4035992DFD60}.Release|Any CPU.ActiveCfg = Release|Any CPU
		{B1740970-B195-40AE-8112-4035992DFD60}.Release|Any CPU.Build.0 = Release|Any CPU
		{5C8694E7-70ED-4E96-BCB4-C1A675BD4322}.Debug|Any CPU.ActiveCfg = Debug|Any CPU
		{5C8694E7-70ED-4E96-BCB4-C1A675BD4322}.Debug|Any CPU.Build.0 = Debug|Any CPU
		{5C8694E7-70ED-4E96-BCB4-C1A675BD4322}.Release|Any CPU.ActiveCfg = Release|Any CPU
		{5C8694E7-70ED-4E96-BCB4-C1A675BD4322}.Release|Any CPU.Build.0 = Release|Any CPU
		{5825FCDC-D57D-4719-ADC6-B351174B4159}.Debug|Any CPU.ActiveCfg = Debug|Any CPU
		{5825FCDC-D57D-4719-ADC6-B351174B4159}.Debug|Any CPU.Build.0 = Debug|Any CPU
		{5825FCDC-D57D-4719-ADC6-B351174B4159}.Release|Any CPU.ActiveCfg = Release|Any CPU
		{5825FCDC-D57D-4719-ADC6-B351174B4159}.Release|Any CPU.Build.0 = Release|Any CPU
		{0924C701-82EC-4944-BE2F-84CF4502BDF6}.Debug|Any CPU.ActiveCfg = Debug|Any CPU
		{0924C701-82EC-4944-BE2F-84CF4502BDF6}.Debug|Any CPU.Build.0 = Debug|Any CPU
		{0924C701-82EC-4944-BE2F-84CF4502BDF6}.Release|Any CPU.ActiveCfg = Release|Any CPU
		{0924C701-82EC-4944-BE2F-84CF4502BDF6}.Release|Any CPU.Build.0 = Release|Any CPU
		{C6373921-25B9-4D93-905E-2D5F99CBBC3F}.Debug|Any CPU.ActiveCfg = Debug|Any CPU
		{C6373921-25B9-4D93-905E-2D5F99CBBC3F}.Debug|Any CPU.Build.0 = Debug|Any CPU
		{C6373921-25B9-4D93-905E-2D5F99CBBC3F}.Release|Any CPU.ActiveCfg = Release|Any CPU
		{C6373921-25B9-4D93-905E-2D5F99CBBC3F}.Release|Any CPU.Build.0 = Release|Any CPU
		{F83D3A33-B64E-497F-8957-8AB54211A066}.Debug|Any CPU.ActiveCfg = Debug|Any CPU
		{F83D3A33-B64E-497F-8957-8AB54211A066}.Debug|Any CPU.Build.0 = Debug|Any CPU
		{F83D3A33-B64E-497F-8957-8AB54211A066}.Release|Any CPU.ActiveCfg = Release|Any CPU
		{F83D3A33-B64E-497F-8957-8AB54211A066}.Release|Any CPU.Build.0 = Release|Any CPU
		{3F007711-BE60-4074-B007-00F1482D76CF}.Debug|Any CPU.ActiveCfg = Debug|Any CPU
		{3F007711-BE60-4074-B007-00F1482D76CF}.Debug|Any CPU.Build.0 = Debug|Any CPU
		{3F007711-BE60-4074-B007-00F1482D76CF}.Release|Any CPU.ActiveCfg = Release|Any CPU
		{3F007711-BE60-4074-B007-00F1482D76CF}.Release|Any CPU.Build.0 = Release|Any CPU
		{024E04CA-2BA4-4EF1-8194-B70D996F3850}.Debug|Any CPU.ActiveCfg = Debug|Any CPU
		{024E04CA-2BA4-4EF1-8194-B70D996F3850}.Debug|Any CPU.Build.0 = Debug|Any CPU
		{024E04CA-2BA4-4EF1-8194-B70D996F3850}.Release|Any CPU.ActiveCfg = Release|Any CPU
		{024E04CA-2BA4-4EF1-8194-B70D996F3850}.Release|Any CPU.Build.0 = Release|Any CPU
		{09870B72-E387-4243-80CB-38C2115F2211}.Debug|Any CPU.ActiveCfg = Debug|Any CPU
		{09870B72-E387-4243-80CB-38C2115F2211}.Debug|Any CPU.Build.0 = Debug|Any CPU
		{09870B72-E387-4243-80CB-38C2115F2211}.Release|Any CPU.ActiveCfg = Release|Any CPU
		{09870B72-E387-4243-80CB-38C2115F2211}.Release|Any CPU.Build.0 = Release|Any CPU
		{368092C3-27C5-4593-92DE-1C66800A135A}.Debug|Any CPU.ActiveCfg = Debug|Any CPU
		{368092C3-27C5-4593-92DE-1C66800A135A}.Debug|Any CPU.Build.0 = Debug|Any CPU
		{368092C3-27C5-4593-92DE-1C66800A135A}.Release|Any CPU.ActiveCfg = Release|Any CPU
		{368092C3-27C5-4593-92DE-1C66800A135A}.Release|Any CPU.Build.0 = Release|Any CPU
		{3179B4CD-13C0-421C-A396-B329AD85D416}.Debug|Any CPU.ActiveCfg = Debug|Any CPU
		{3179B4CD-13C0-421C-A396-B329AD85D416}.Debug|Any CPU.Build.0 = Debug|Any CPU
		{3179B4CD-13C0-421C-A396-B329AD85D416}.Release|Any CPU.ActiveCfg = Release|Any CPU
		{3179B4CD-13C0-421C-A396-B329AD85D416}.Release|Any CPU.Build.0 = Release|Any CPU
		{9556FE4E-B261-4ABD-AC18-54D2C44D2F7C}.Debug|Any CPU.ActiveCfg = Debug|Any CPU
		{9556FE4E-B261-4ABD-AC18-54D2C44D2F7C}.Debug|Any CPU.Build.0 = Debug|Any CPU
		{9556FE4E-B261-4ABD-AC18-54D2C44D2F7C}.Release|Any CPU.ActiveCfg = Release|Any CPU
		{9556FE4E-B261-4ABD-AC18-54D2C44D2F7C}.Release|Any CPU.Build.0 = Release|Any CPU
		{F76F26AC-8403-4584-AB8D-7300B9BE8415}.Debug|Any CPU.ActiveCfg = Debug|Any CPU
		{F76F26AC-8403-4584-AB8D-7300B9BE8415}.Debug|Any CPU.Build.0 = Debug|Any CPU
		{F76F26AC-8403-4584-AB8D-7300B9BE8415}.Release|Any CPU.ActiveCfg = Release|Any CPU
		{F76F26AC-8403-4584-AB8D-7300B9BE8415}.Release|Any CPU.Build.0 = Release|Any CPU
		{FE57071F-645C-42DC-B6AC-B1A28F5A8D99}.Debug|Any CPU.ActiveCfg = Debug|Any CPU
		{FE57071F-645C-42DC-B6AC-B1A28F5A8D99}.Debug|Any CPU.Build.0 = Debug|Any CPU
		{FE57071F-645C-42DC-B6AC-B1A28F5A8D99}.Release|Any CPU.ActiveCfg = Release|Any CPU
		{FE57071F-645C-42DC-B6AC-B1A28F5A8D99}.Release|Any CPU.Build.0 = Release|Any CPU
		{0BA7A46A-FC52-4E69-89CF-7D2F7695A778}.Debug|Any CPU.ActiveCfg = Debug|Any CPU
		{0BA7A46A-FC52-4E69-89CF-7D2F7695A778}.Debug|Any CPU.Build.0 = Debug|Any CPU
		{0BA7A46A-FC52-4E69-89CF-7D2F7695A778}.Release|Any CPU.ActiveCfg = Release|Any CPU
		{0BA7A46A-FC52-4E69-89CF-7D2F7695A778}.Release|Any CPU.Build.0 = Release|Any CPU
		{4D657D7B-3FBA-4DD1-8D1A-05EC1588EAFF}.Debug|Any CPU.ActiveCfg = Debug|Any CPU
		{4D657D7B-3FBA-4DD1-8D1A-05EC1588EAFF}.Debug|Any CPU.Build.0 = Debug|Any CPU
		{4D657D7B-3FBA-4DD1-8D1A-05EC1588EAFF}.Release|Any CPU.ActiveCfg = Release|Any CPU
		{4D657D7B-3FBA-4DD1-8D1A-05EC1588EAFF}.Release|Any CPU.Build.0 = Release|Any CPU
		{AF7D648F-755B-4AED-87F6-A44B9AEE2ACD}.Debug|Any CPU.ActiveCfg = Debug|Any CPU
		{AF7D648F-755B-4AED-87F6-A44B9AEE2ACD}.Debug|Any CPU.Build.0 = Debug|Any CPU
		{AF7D648F-755B-4AED-87F6-A44B9AEE2ACD}.Release|Any CPU.ActiveCfg = Release|Any CPU
		{AF7D648F-755B-4AED-87F6-A44B9AEE2ACD}.Release|Any CPU.Build.0 = Release|Any CPU
		{559AB11C-0C01-41AF-833A-C748366CBEFB}.Debug|Any CPU.ActiveCfg = Debug|Any CPU
		{559AB11C-0C01-41AF-833A-C748366CBEFB}.Debug|Any CPU.Build.0 = Debug|Any CPU
		{559AB11C-0C01-41AF-833A-C748366CBEFB}.Release|Any CPU.ActiveCfg = Release|Any CPU
		{559AB11C-0C01-41AF-833A-C748366CBEFB}.Release|Any CPU.Build.0 = Release|Any CPU
		{E331D5EE-F168-43EB-9F25-5DFF3419F535}.Debug|Any CPU.ActiveCfg = Debug|Any CPU
		{E331D5EE-F168-43EB-9F25-5DFF3419F535}.Debug|Any CPU.Build.0 = Debug|Any CPU
		{E331D5EE-F168-43EB-9F25-5DFF3419F535}.Debug|Any CPU.Deploy.0 = Debug|Any CPU
		{E331D5EE-F168-43EB-9F25-5DFF3419F535}.Release|Any CPU.ActiveCfg = Release|Any CPU
		{E331D5EE-F168-43EB-9F25-5DFF3419F535}.Release|Any CPU.Build.0 = Release|Any CPU
		{E331D5EE-F168-43EB-9F25-5DFF3419F535}.Release|Any CPU.Deploy.0 = Release|Any CPU
		{75D45A3B-DD28-4585-A8AD-420AC5C8697C}.Debug|Any CPU.ActiveCfg = Debug|Any CPU
		{75D45A3B-DD28-4585-A8AD-420AC5C8697C}.Debug|Any CPU.Build.0 = Debug|Any CPU
		{75D45A3B-DD28-4585-A8AD-420AC5C8697C}.Release|Any CPU.ActiveCfg = Release|Any CPU
		{75D45A3B-DD28-4585-A8AD-420AC5C8697C}.Release|Any CPU.Build.0 = Release|Any CPU
	EndGlobalSection
	GlobalSection(SolutionProperties) = preSolution
		HideSolutionNode = FALSE
	EndGlobalSection
	GlobalSection(NestedProjects) = preSolution
		{8549A27A-5DE3-44E0-B9C7-0264AC0C6042} = {5DDFD808-395F-4463-BDDC-D56089B1E77C}
		{6D3ADDF9-F6E7-4082-911A-AB3EB309CF17} = {AE389908-33C3-4113-BF55-A45C817AB4F1}
		{532C8872-4773-4ECD-AC75-411B4CBEC601} = {AE389908-33C3-4113-BF55-A45C817AB4F1}
		{16885759-5868-4484-B946-63D977522C91} = {44E87002-0B29-4AEB-B758-187109EFA571}
		{E5011CF3-D6C9-430E-B1C9-FB873C4F2B02} = {44E87002-0B29-4AEB-B758-187109EFA571}
		{94403123-B19B-43EA-A390-9368AD966083} = {44E87002-0B29-4AEB-B758-187109EFA571}
		{B5C6C3CD-5FE4-4217-88A5-16B0FA977099} = {AE389908-33C3-4113-BF55-A45C817AB4F1}
		{876B10C8-62F2-4182-87B1-AB8EC7528A2B} = {AE389908-33C3-4113-BF55-A45C817AB4F1}
		{27CC76A9-A790-4816-B8C2-AD855157F3CE} = {AE389908-33C3-4113-BF55-A45C817AB4F1}
		{DA1BF01A-2950-4D0E-8CDD-04F9D7D62030} = {AE389908-33C3-4113-BF55-A45C817AB4F1}
		{1045EDFA-1CFE-402D-AA16-A708F58BC50B} = {AE389908-33C3-4113-BF55-A45C817AB4F1}
		{FDC80253-6604-4960-9B0D-4FC60C52003E} = {AE389908-33C3-4113-BF55-A45C817AB4F1}
		{83E6A105-C465-46C7-99B8-EE705A805C6C} = {AE389908-33C3-4113-BF55-A45C817AB4F1}
		{31D840A7-1B5A-45A2-97C5-0D9BF66DFBCD} = {AE389908-33C3-4113-BF55-A45C817AB4F1}
		{1EBED9D1-D2E4-4E70-8469-218E89E8AC7A} = {AE389908-33C3-4113-BF55-A45C817AB4F1}
		{05D89622-F591-4330-AFFC-2CA4987ADDEF} = {AE389908-33C3-4113-BF55-A45C817AB4F1}
		{3C33BC22-DF68-4C84-A940-E5F2DE261FA7} = {AE389908-33C3-4113-BF55-A45C817AB4F1}
		{7A73BA23-17B7-45CE-8D8F-23161FDFC55B} = {AE389908-33C3-4113-BF55-A45C817AB4F1}
		{B1740970-B195-40AE-8112-4035992DFD60} = {3BAF3F98-EE2A-467F-BF25-2BAB1409F511}
		{5C8694E7-70ED-4E96-BCB4-C1A675BD4322} = {356DFEDA-0A17-4566-BC17-3E8C5BF527ED}
		{5825FCDC-D57D-4719-ADC6-B351174B4159} = {356DFEDA-0A17-4566-BC17-3E8C5BF527ED}
		{0924C701-82EC-4944-BE2F-84CF4502BDF6} = {356DFEDA-0A17-4566-BC17-3E8C5BF527ED}
		{C6373921-25B9-4D93-905E-2D5F99CBBC3F} = {356DFEDA-0A17-4566-BC17-3E8C5BF527ED}
		{F83D3A33-B64E-497F-8957-8AB54211A066} = {356DFEDA-0A17-4566-BC17-3E8C5BF527ED}
		{3F007711-BE60-4074-B007-00F1482D76CF} = {356DFEDA-0A17-4566-BC17-3E8C5BF527ED}
		{024E04CA-2BA4-4EF1-8194-B70D996F3850} = {356DFEDA-0A17-4566-BC17-3E8C5BF527ED}
		{09870B72-E387-4243-80CB-38C2115F2211} = {356DFEDA-0A17-4566-BC17-3E8C5BF527ED}
		{368092C3-27C5-4593-92DE-1C66800A135A} = {356DFEDA-0A17-4566-BC17-3E8C5BF527ED}
		{3179B4CD-13C0-421C-A396-B329AD85D416} = {356DFEDA-0A17-4566-BC17-3E8C5BF527ED}
		{9556FE4E-B261-4ABD-AC18-54D2C44D2F7C} = {356DFEDA-0A17-4566-BC17-3E8C5BF527ED}
		{F76F26AC-8403-4584-AB8D-7300B9BE8415} = {5DDFD808-395F-4463-BDDC-D56089B1E77C}
		{FE57071F-645C-42DC-B6AC-B1A28F5A8D99} = {44E87002-0B29-4AEB-B758-187109EFA571}
		{0BA7A46A-FC52-4E69-89CF-7D2F7695A778} = {5DDFD808-395F-4463-BDDC-D56089B1E77C}
		{4D657D7B-3FBA-4DD1-8D1A-05EC1588EAFF} = {3BAF3F98-EE2A-467F-BF25-2BAB1409F511}
		{AF7D648F-755B-4AED-87F6-A44B9AEE2ACD} = {CAA7A8D2-B0DB-47CD-9BB2-88320BF40A67}
		{559AB11C-0C01-41AF-833A-C748366CBEFB} = {CAA7A8D2-B0DB-47CD-9BB2-88320BF40A67}
		{E331D5EE-F168-43EB-9F25-5DFF3419F535} = {CAA7A8D2-B0DB-47CD-9BB2-88320BF40A67}
		{75D45A3B-DD28-4585-A8AD-420AC5C8697C} = {CAA7A8D2-B0DB-47CD-9BB2-88320BF40A67}
	EndGlobalSection
	GlobalSection(ExtensibilityGlobals) = postSolution
		SolutionGuid = {E0CFD761-FEBD-4484-9C43-758D92B96523}
	EndGlobalSection
	GlobalSection(SharedMSBuildProjectFiles) = preSolution
		src\HB.Infrastructure.Redis.Shared\HB.Infrastructure.Redis.Shared.projitems*{05d89622-f591-4330-affc-2ca4987addef}*SharedItemsImports = 13
		src\HB.Infrastructure.Redis.Shared\HB.Infrastructure.Redis.Shared.projitems*{1ebed9d1-d2e4-4e70-8469-218e89e8ac7a}*SharedItemsImports = 5
		src\HB.Infrastructure.Redis.Shared\HB.Infrastructure.Redis.Shared.projitems*{31d840a7-1b5a-45a2-97c5-0d9bf66dfbcd}*SharedItemsImports = 5
		src\HB.Infrastructure.Redis.Shared\HB.Infrastructure.Redis.Shared.projitems*{83e6a105-c465-46c7-99b8-ee705a805c6c}*SharedItemsImports = 5
		src\HB.Infrastructure.Redis.Shared\HB.Infrastructure.Redis.Shared.projitems*{fdc80253-6604-4960-9b0d-4fc60c52003e}*SharedItemsImports = 5
	EndGlobalSection
EndGlobal
