
Microsoft Visual Studio Solution File, Format Version 12.00
# Visual Studio Version 16
VisualStudioVersion = 16.0.31005.135
MinimumVisualStudioVersion = 10.0.40219.1
Project("{2150E333-8FDC-42A3-9474-1A3956D46DE8}") = "libs", "libs", "{63E4F726-B50B-4287-9207-C9CEF6E570A8}"
EndProject
Project("{9A19103F-16F7-4668-BE54-9A1E7A4F7556}") = "HB.FullStack.Common", "src\HB.FullStack.Common\HB.FullStack.Common.csproj", "{3F4B4365-F180-438A-8585-43C4A79797DA}"
EndProject
Project("{9A19103F-16F7-4668-BE54-9A1E7A4F7556}") = "HB.FullStack.Database", "src\HB.FullStack.Database\HB.FullStack.Database.csproj", "{388B906D-AABF-43A3-BB19-9FDF88BBF9FD}"
EndProject
Project("{9A19103F-16F7-4668-BE54-9A1E7A4F7556}") = "HB.Infrastructure.IdGen", "src\HB.Infrastructure.IdGen\HB.Infrastructure.IdGen.csproj", "{B012557D-1959-4269-8D21-0038EF958487}"
EndProject
Project("{9A19103F-16F7-4668-BE54-9A1E7A4F7556}") = "HB.Infrastructure.SQLite", "src\HB.Infrastructure.SQLite\HB.Infrastructure.SQLite.csproj", "{383857AD-9327-4ED5-AE34-5C255B82B8BA}"
EndProject
Project("{2150E333-8FDC-42A3-9474-1A3956D46DE8}") = "Solution Items", "Solution Items", "{3068B73A-ED04-455B-BF59-03CC81B439D7}"
	ProjectSection(SolutionItems) = preProject
		.editorconfig = .editorconfig
		.gitattributes = .gitattributes
		.gitignore = .gitignore
		common.props = common.props
		publish_to_nuget.ps1 = publish_to_nuget.ps1
		README.md = README.md
	EndProjectSection
EndProject
Project("{2150E333-8FDC-42A3-9474-1A3956D46DE8}") = "ltests", "ltests", "{0800E779-8D8C-4523-81B2-07C56B4A2C0B}"
EndProject
Project("{9A19103F-16F7-4668-BE54-9A1E7A4F7556}") = "HB.FullStack.Database.ClientExtensions.Tests", "test\HB.FullStack.Database.ClientExtensions.Tests\HB.FullStack.Database.ClientExtensions.Tests.csproj", "{1853C516-8236-4369-B79B-66B4BDFA8B77}"
EndProject
Project("{9A19103F-16F7-4668-BE54-9A1E7A4F7556}") = "HB.FullStack.Database.ClientExtension", "src\HB.FullStack.Database.ClientExtension\HB.FullStack.Database.ClientExtension.csproj", "{2ED9EEF4-0BE9-4A54-8F8E-FAAFB8D407DA}"
EndProject
Project("{9A19103F-16F7-4668-BE54-9A1E7A4F7556}") = "HB.FullStack.XamarinForms", "src\mobile\HB.FullStack.XamarinForms\HB.FullStack.XamarinForms.csproj", "{FA74479B-1D0F-47C2-8B50-39A1CF204E75}"
EndProject
Project("{FAE04EC0-301F-11D3-BF4B-00C04F79EFBC}") = "HB.FullStack.Droid", "src\mobile\HB.FullStack.Droid\HB.FullStack.Droid.csproj", "{66FB6311-FC0A-4823-8ECA-93E8C67AF424}"
EndProject
Global
	GlobalSection(SolutionConfigurationPlatforms) = preSolution
		Debug|Any CPU = Debug|Any CPU
		Release|Any CPU = Release|Any CPU
	EndGlobalSection
	GlobalSection(ProjectConfigurationPlatforms) = postSolution
		{3F4B4365-F180-438A-8585-43C4A79797DA}.Debug|Any CPU.ActiveCfg = Debug|Any CPU
		{3F4B4365-F180-438A-8585-43C4A79797DA}.Debug|Any CPU.Build.0 = Debug|Any CPU
		{3F4B4365-F180-438A-8585-43C4A79797DA}.Release|Any CPU.ActiveCfg = Release|Any CPU
		{3F4B4365-F180-438A-8585-43C4A79797DA}.Release|Any CPU.Build.0 = Release|Any CPU
		{388B906D-AABF-43A3-BB19-9FDF88BBF9FD}.Debug|Any CPU.ActiveCfg = Debug|Any CPU
		{388B906D-AABF-43A3-BB19-9FDF88BBF9FD}.Debug|Any CPU.Build.0 = Debug|Any CPU
		{388B906D-AABF-43A3-BB19-9FDF88BBF9FD}.Release|Any CPU.ActiveCfg = Release|Any CPU
		{388B906D-AABF-43A3-BB19-9FDF88BBF9FD}.Release|Any CPU.Build.0 = Release|Any CPU
		{B012557D-1959-4269-8D21-0038EF958487}.Debug|Any CPU.ActiveCfg = Debug|Any CPU
		{B012557D-1959-4269-8D21-0038EF958487}.Debug|Any CPU.Build.0 = Debug|Any CPU
		{B012557D-1959-4269-8D21-0038EF958487}.Release|Any CPU.ActiveCfg = Release|Any CPU
		{B012557D-1959-4269-8D21-0038EF958487}.Release|Any CPU.Build.0 = Release|Any CPU
		{383857AD-9327-4ED5-AE34-5C255B82B8BA}.Debug|Any CPU.ActiveCfg = Debug|Any CPU
		{383857AD-9327-4ED5-AE34-5C255B82B8BA}.Debug|Any CPU.Build.0 = Debug|Any CPU
		{383857AD-9327-4ED5-AE34-5C255B82B8BA}.Release|Any CPU.ActiveCfg = Release|Any CPU
		{383857AD-9327-4ED5-AE34-5C255B82B8BA}.Release|Any CPU.Build.0 = Release|Any CPU
		{1853C516-8236-4369-B79B-66B4BDFA8B77}.Debug|Any CPU.ActiveCfg = Debug|Any CPU
		{1853C516-8236-4369-B79B-66B4BDFA8B77}.Debug|Any CPU.Build.0 = Debug|Any CPU
		{1853C516-8236-4369-B79B-66B4BDFA8B77}.Release|Any CPU.ActiveCfg = Release|Any CPU
		{1853C516-8236-4369-B79B-66B4BDFA8B77}.Release|Any CPU.Build.0 = Release|Any CPU
		{2ED9EEF4-0BE9-4A54-8F8E-FAAFB8D407DA}.Debug|Any CPU.ActiveCfg = Debug|Any CPU
		{2ED9EEF4-0BE9-4A54-8F8E-FAAFB8D407DA}.Debug|Any CPU.Build.0 = Debug|Any CPU
		{2ED9EEF4-0BE9-4A54-8F8E-FAAFB8D407DA}.Release|Any CPU.ActiveCfg = Release|Any CPU
		{2ED9EEF4-0BE9-4A54-8F8E-FAAFB8D407DA}.Release|Any CPU.Build.0 = Release|Any CPU
		{FA74479B-1D0F-47C2-8B50-39A1CF204E75}.Debug|Any CPU.ActiveCfg = Debug|Any CPU
		{FA74479B-1D0F-47C2-8B50-39A1CF204E75}.Debug|Any CPU.Build.0 = Debug|Any CPU
		{FA74479B-1D0F-47C2-8B50-39A1CF204E75}.Release|Any CPU.ActiveCfg = Release|Any CPU
		{FA74479B-1D0F-47C2-8B50-39A1CF204E75}.Release|Any CPU.Build.0 = Release|Any CPU
		{66FB6311-FC0A-4823-8ECA-93E8C67AF424}.Debug|Any CPU.ActiveCfg = Debug|Any CPU
		{66FB6311-FC0A-4823-8ECA-93E8C67AF424}.Debug|Any CPU.Build.0 = Debug|Any CPU
		{66FB6311-FC0A-4823-8ECA-93E8C67AF424}.Release|Any CPU.ActiveCfg = Release|Any CPU
		{66FB6311-FC0A-4823-8ECA-93E8C67AF424}.Release|Any CPU.Build.0 = Release|Any CPU
	EndGlobalSection
	GlobalSection(SolutionProperties) = preSolution
		HideSolutionNode = FALSE
	EndGlobalSection
	GlobalSection(NestedProjects) = preSolution
		{3F4B4365-F180-438A-8585-43C4A79797DA} = {63E4F726-B50B-4287-9207-C9CEF6E570A8}
		{388B906D-AABF-43A3-BB19-9FDF88BBF9FD} = {63E4F726-B50B-4287-9207-C9CEF6E570A8}
		{B012557D-1959-4269-8D21-0038EF958487} = {63E4F726-B50B-4287-9207-C9CEF6E570A8}
		{383857AD-9327-4ED5-AE34-5C255B82B8BA} = {63E4F726-B50B-4287-9207-C9CEF6E570A8}
		{1853C516-8236-4369-B79B-66B4BDFA8B77} = {0800E779-8D8C-4523-81B2-07C56B4A2C0B}
		{2ED9EEF4-0BE9-4A54-8F8E-FAAFB8D407DA} = {63E4F726-B50B-4287-9207-C9CEF6E570A8}
	EndGlobalSection
	GlobalSection(ExtensibilityGlobals) = postSolution
		SolutionGuid = {61DC5989-A51F-4272-BB42-A1D2E30E8F35}
	EndGlobalSection
EndGlobal
