
Microsoft Visual Studio Solution File, Format Version 12.00
# Visual Studio 15
VisualStudioVersion = 15.0.28307.136
MinimumVisualStudioVersion = 10.0.40219.1
Project("{2150E333-8FDC-42A3-9474-1A3956D46DE8}") = "Solution Items", "Solution Items", "{FA6E769E-482A-4A98-85B1-39CFEF3ABE79}"
	ProjectSection(SolutionItems) = preProject
		.travis.yml = .travis.yml
		appveyor.yml = appveyor.yml
		build.ps1 = build.ps1
		global.json = global.json
		PresentFish_DataProtection.pfx = PresentFish_DataProtection.pfx
		README.md = README.md
	EndProjectSection
EndProject
Project("{2150E333-8FDC-42A3-9474-1A3956D46DE8}") = "build", "build", "{C827D983-7A2A-437E-8E7E-16A37BF1A41D}"
	ProjectSection(SolutionItems) = preProject
		build\common.props = build\common.props
	EndProjectSection
EndProject
Project("{2150E333-8FDC-42A3-9474-1A3956D46DE8}") = "samples", "samples", "{DFFFDEC7-B203-40D6-9DA0-B79D9378FDFF}"
EndProject
Project("{2150E333-8FDC-42A3-9474-1A3956D46DE8}") = "src", "src", "{E12F2693-2E5B-45FA-95DD-02EB2CF03740}"
EndProject
Project("{9A19103F-16F7-4668-BE54-9A1E7A4F7556}") = "HB.Framework.Common", "src\HB.Framework.Common\HB.Framework.Common.csproj", "{2B949516-F173-42A1-B148-88B761283CE9}"
EndProject
Project("{9A19103F-16F7-4668-BE54-9A1E7A4F7556}") = "HB.Framework.Database", "src\HB.Framework.Database\HB.Framework.Database.csproj", "{C784291B-90DE-4076-B2AD-F9539331530D}"
EndProject
Project("{9A19103F-16F7-4668-BE54-9A1E7A4F7556}") = "HB.Framework.Cache", "src\HB.Framework.Cache\HB.Framework.Cache.csproj", "{098145F7-5FD2-48DC-92BA-C45CCBD5D4DD}"
EndProject
Project("{9A19103F-16F7-4668-BE54-9A1E7A4F7556}") = "HB.Framework.KVStore", "src\HB.Framework.KVStore\HB.Framework.KVStore.csproj", "{4FD5C61F-C867-4717-8055-53BD43B2C642}"
EndProject
Project("{9A19103F-16F7-4668-BE54-9A1E7A4F7556}") = "HB.Framework.Http", "src\HB.Framework.Http\HB.Framework.Http.csproj", "{800ED8B9-798F-4194-A0B0-313EF131E6EF}"
EndProject
Project("{9A19103F-16F7-4668-BE54-9A1E7A4F7556}") = "HB.Infrastructure.Aliyun", "src\HB.Infrastructure.Aliyun\HB.Infrastructure.Aliyun.csproj", "{8A9EF7E9-1497-4506-9B76-9FEC72BD5281}"
EndProject
Project("{9A19103F-16F7-4668-BE54-9A1E7A4F7556}") = "HB.Infrastructure.MySQL", "src\HB.Infrastructure.MySQL\HB.Infrastructure.MySQL.csproj", "{D7E0309D-FA9F-46AB-A304-92E46F29593E}"
EndProject
Project("{9A19103F-16F7-4668-BE54-9A1E7A4F7556}") = "HB.Infrastructure.Redis", "src\HB.Infrastructure.Redis\HB.Infrastructure.Redis.csproj", "{C4C61C76-7F2B-44C1-8258-1EF802319D36}"
EndProject
Project("{9A19103F-16F7-4668-BE54-9A1E7A4F7556}") = "CommonSample", "samples\CommonSample\CommonSample.csproj", "{63F3868D-D49C-4DC7-9695-5E02941BB42C}"
EndProject
Project("{9A19103F-16F7-4668-BE54-9A1E7A4F7556}") = "HB.Framework.EventBus", "src\HB.Framework.EventBus\HB.Framework.EventBus.csproj", "{EFF371B4-52C6-44B9-B8F6-17CE208160A6}"
EndProject
Project("{2150E333-8FDC-42A3-9474-1A3956D46DE8}") = "BaseBlocks", "BaseBlocks", "{833ACC08-9EF8-4690-B295-18D56D45C4E0}"
EndProject
Project("{2150E333-8FDC-42A3-9474-1A3956D46DE8}") = "Infrastructure", "Infrastructure", "{4281500B-4033-4BEF-8A05-C924EC564467}"
EndProject
Project("{2150E333-8FDC-42A3-9474-1A3956D46DE8}") = "Components", "Components", "{7AB355DB-795C-4A78-9E00-C14D897C31B0}"
EndProject
Project("{2150E333-8FDC-42A3-9474-1A3956D46DE8}") = "test", "test", "{28ADE730-B02D-4910-9311-1F1088C69829}"
EndProject
Project("{9A19103F-16F7-4668-BE54-9A1E7A4F7556}") = "HB.Framework.Common.Test", "test\HB.Framework.Common.Test\HB.Framework.Common.Test.csproj", "{7A3F216A-3922-4AFA-8FC3-5208FE1ABD7D}"
EndProject
Project("{9A19103F-16F7-4668-BE54-9A1E7A4F7556}") = "HB.Framework.Identity.Test", "test\HB.Framework.Identity.Test\HB.Framework.Identity.Test.csproj", "{656CAA27-3916-435C-96A2-C5D36970A58C}"
EndProject
Project("{9A19103F-16F7-4668-BE54-9A1E7A4F7556}") = "HB.Infrastructure.Aliyun.Test", "test\HB.Infrastructure.Aliyun.Test\HB.Infrastructure.Aliyun.Test.csproj", "{6DC0C1A4-98CD-4D97-B2F6-73B47E539A28}"
EndProject
Project("{9A19103F-16F7-4668-BE54-9A1E7A4F7556}") = "HB.Component.Identity", "src\HB.Component.Identity\HB.Component.Identity.csproj", "{81DAEF93-21A8-4262-B0E2-5A9F0B037BB0}"
EndProject
Project("{9A19103F-16F7-4668-BE54-9A1E7A4F7556}") = "HB.Component.Authorization", "src\HB.Component.Authorization\HB.Component.Authorization.csproj", "{0DC67DC8-B036-4687-BF4D-2128C8212A27}"
EndProject
Project("{2150E333-8FDC-42A3-9474-1A3956D46DE8}") = "libs", "libs", "{E3F87ADC-8DCC-435B-869F-90DD5A88896A}"
EndProject
Project("{9A19103F-16F7-4668-BE54-9A1E7A4F7556}") = "aliyun-net-sdk-core.vs2017", "..\aliyun-openapi-net-sdk\aliyun-net-sdk-core\aliyun-net-sdk-core.vs2017.csproj", "{8EE63B9C-DEFF-4CD9-8FEF-4DF3B388EBC5}"
EndProject
Project("{9A19103F-16F7-4668-BE54-9A1E7A4F7556}") = "aliyun-net-sdk-vod.vs2017", "..\aliyun-openapi-net-sdk\aliyun-net-sdk-vod\aliyun-net-sdk-vod.vs2017.csproj", "{A2C9437D-3BAC-4B72-8A01-A686659AACA2}"
EndProject
Project("{9A19103F-16F7-4668-BE54-9A1E7A4F7556}") = "aliyun-net-sdk-dysmsapi.vs2017", "..\aliyun-net-sdk-dysmsapi\aliyun-net-sdk-dysmsapi.vs2017.csproj", "{AEA5F829-60D0-45E1-9CFD-DB508A4878AC}"
EndProject
Project("{9A19103F-16F7-4668-BE54-9A1E7A4F7556}") = "AliyunSample", "samples\AliyunSample\AliyunSample.csproj", "{C9A0B14F-E1AB-426A-9047-FA94ED41CF37}"
EndProject
Project("{9A19103F-16F7-4668-BE54-9A1E7A4F7556}") = "HB.Component.Resource", "src\HB.Component.Resource\HB.Component.Resource.csproj", "{5291B347-C95F-4D11-8E18-F653785A3422}"
EndProject
Project("{9A19103F-16F7-4668-BE54-9A1E7A4F7556}") = "MongodbDemo", "MongodbDemo\MongodbDemo.csproj", "{B7CCF860-D8FC-415F-8ABE-F837D539A079}"
EndProject
Project("{9A19103F-16F7-4668-BE54-9A1E7A4F7556}") = "HB.Infrastructure.MongoDB", "src\HB.Infrastructure.MongoDB\HB.Infrastructure.MongoDB.csproj", "{7A3D9E8A-414D-456B-9533-0DDC52AE2413}"
EndProject
Project("{9A19103F-16F7-4668-BE54-9A1E7A4F7556}") = "HB.Framework.DocumentStore", "src\HB.Framework.DocumentStore\HB.Framework.DocumentStore.csproj", "{95DBE5C1-EA56-4B9C-A9E3-D44F0C01319B}"
EndProject
Project("{9A19103F-16F7-4668-BE54-9A1E7A4F7556}") = "RabbitMQDemo", "src\RabbitMQDemo\RabbitMQDemo.csproj", "{982A88CC-16B5-4119-B15A-C8E50029CBC8}"
EndProject
Project("{9A19103F-16F7-4668-BE54-9A1E7A4F7556}") = "HB.Infrastructure.RabbitMQ", "src\HB.Infrastructure.RabbitMQ\HB.Infrastructure.RabbitMQ.csproj", "{EA222D7A-8E28-401D-805E-C9DF28FDDE74}"
EndProject
Project("{9A19103F-16F7-4668-BE54-9A1E7A4F7556}") = "RabbitMQWebDemo", "samples\RabbitMQWebDemo\RabbitMQWebDemo.csproj", "{7027012C-9218-4DB2-AF46-F1D23EAC8339}"
EndProject
Project("{9A19103F-16F7-4668-BE54-9A1E7A4F7556}") = "HB.Infrastructure.Redis2.Test", "test\HB.Infrastructure.Redis2.Test\HB.Infrastructure.Redis2.Test.csproj", "{5FF2732F-0FAB-4DE4-A006-8027D4783B6E}"
EndProject
Project("{FAE04EC0-301F-11D3-BF4B-00C04F79EFBC}") = "HB.Infrastructure.Redis.Test", "test\HB.Infrastructure.Redis.Test\HB.Infrastructure.Redis.Test.csproj", "{FDA0F0AB-BC1B-4FEA-AF92-6AB13C6F63A8}"
EndProject
Global
	GlobalSection(SolutionConfigurationPlatforms) = preSolution
		Debug|Any CPU = Debug|Any CPU
		Release|Any CPU = Release|Any CPU
	EndGlobalSection
	GlobalSection(ProjectConfigurationPlatforms) = postSolution
		{2B949516-F173-42A1-B148-88B761283CE9}.Debug|Any CPU.ActiveCfg = Debug|Any CPU
		{2B949516-F173-42A1-B148-88B761283CE9}.Debug|Any CPU.Build.0 = Debug|Any CPU
		{2B949516-F173-42A1-B148-88B761283CE9}.Release|Any CPU.ActiveCfg = Release|Any CPU
		{2B949516-F173-42A1-B148-88B761283CE9}.Release|Any CPU.Build.0 = Release|Any CPU
		{C784291B-90DE-4076-B2AD-F9539331530D}.Debug|Any CPU.ActiveCfg = Debug|Any CPU
		{C784291B-90DE-4076-B2AD-F9539331530D}.Debug|Any CPU.Build.0 = Debug|Any CPU
		{C784291B-90DE-4076-B2AD-F9539331530D}.Release|Any CPU.ActiveCfg = Release|Any CPU
		{C784291B-90DE-4076-B2AD-F9539331530D}.Release|Any CPU.Build.0 = Release|Any CPU
		{098145F7-5FD2-48DC-92BA-C45CCBD5D4DD}.Debug|Any CPU.ActiveCfg = Debug|Any CPU
		{098145F7-5FD2-48DC-92BA-C45CCBD5D4DD}.Debug|Any CPU.Build.0 = Debug|Any CPU
		{098145F7-5FD2-48DC-92BA-C45CCBD5D4DD}.Release|Any CPU.ActiveCfg = Release|Any CPU
		{098145F7-5FD2-48DC-92BA-C45CCBD5D4DD}.Release|Any CPU.Build.0 = Release|Any CPU
		{4FD5C61F-C867-4717-8055-53BD43B2C642}.Debug|Any CPU.ActiveCfg = Debug|Any CPU
		{4FD5C61F-C867-4717-8055-53BD43B2C642}.Debug|Any CPU.Build.0 = Debug|Any CPU
		{4FD5C61F-C867-4717-8055-53BD43B2C642}.Release|Any CPU.ActiveCfg = Release|Any CPU
		{4FD5C61F-C867-4717-8055-53BD43B2C642}.Release|Any CPU.Build.0 = Release|Any CPU
		{800ED8B9-798F-4194-A0B0-313EF131E6EF}.Debug|Any CPU.ActiveCfg = Debug|Any CPU
		{800ED8B9-798F-4194-A0B0-313EF131E6EF}.Debug|Any CPU.Build.0 = Debug|Any CPU
		{800ED8B9-798F-4194-A0B0-313EF131E6EF}.Release|Any CPU.ActiveCfg = Release|Any CPU
		{800ED8B9-798F-4194-A0B0-313EF131E6EF}.Release|Any CPU.Build.0 = Release|Any CPU
		{8A9EF7E9-1497-4506-9B76-9FEC72BD5281}.Debug|Any CPU.ActiveCfg = Debug|Any CPU
		{8A9EF7E9-1497-4506-9B76-9FEC72BD5281}.Debug|Any CPU.Build.0 = Debug|Any CPU
		{8A9EF7E9-1497-4506-9B76-9FEC72BD5281}.Release|Any CPU.ActiveCfg = Release|Any CPU
		{8A9EF7E9-1497-4506-9B76-9FEC72BD5281}.Release|Any CPU.Build.0 = Release|Any CPU
		{D7E0309D-FA9F-46AB-A304-92E46F29593E}.Debug|Any CPU.ActiveCfg = Debug|Any CPU
		{D7E0309D-FA9F-46AB-A304-92E46F29593E}.Debug|Any CPU.Build.0 = Debug|Any CPU
		{D7E0309D-FA9F-46AB-A304-92E46F29593E}.Release|Any CPU.ActiveCfg = Release|Any CPU
		{D7E0309D-FA9F-46AB-A304-92E46F29593E}.Release|Any CPU.Build.0 = Release|Any CPU
		{C4C61C76-7F2B-44C1-8258-1EF802319D36}.Debug|Any CPU.ActiveCfg = Debug|Any CPU
		{C4C61C76-7F2B-44C1-8258-1EF802319D36}.Debug|Any CPU.Build.0 = Debug|Any CPU
		{C4C61C76-7F2B-44C1-8258-1EF802319D36}.Release|Any CPU.ActiveCfg = Release|Any CPU
		{C4C61C76-7F2B-44C1-8258-1EF802319D36}.Release|Any CPU.Build.0 = Release|Any CPU
		{63F3868D-D49C-4DC7-9695-5E02941BB42C}.Debug|Any CPU.ActiveCfg = Debug|Any CPU
		{63F3868D-D49C-4DC7-9695-5E02941BB42C}.Debug|Any CPU.Build.0 = Debug|Any CPU
		{63F3868D-D49C-4DC7-9695-5E02941BB42C}.Debug|Any CPU.Deploy.0 = Debug|Any CPU
		{63F3868D-D49C-4DC7-9695-5E02941BB42C}.Release|Any CPU.ActiveCfg = Release|Any CPU
		{63F3868D-D49C-4DC7-9695-5E02941BB42C}.Release|Any CPU.Build.0 = Release|Any CPU
		{EFF371B4-52C6-44B9-B8F6-17CE208160A6}.Debug|Any CPU.ActiveCfg = Debug|Any CPU
		{EFF371B4-52C6-44B9-B8F6-17CE208160A6}.Debug|Any CPU.Build.0 = Debug|Any CPU
		{EFF371B4-52C6-44B9-B8F6-17CE208160A6}.Release|Any CPU.ActiveCfg = Release|Any CPU
		{EFF371B4-52C6-44B9-B8F6-17CE208160A6}.Release|Any CPU.Build.0 = Release|Any CPU
		{7A3F216A-3922-4AFA-8FC3-5208FE1ABD7D}.Debug|Any CPU.ActiveCfg = Debug|Any CPU
		{7A3F216A-3922-4AFA-8FC3-5208FE1ABD7D}.Debug|Any CPU.Build.0 = Debug|Any CPU
		{7A3F216A-3922-4AFA-8FC3-5208FE1ABD7D}.Release|Any CPU.ActiveCfg = Release|Any CPU
		{7A3F216A-3922-4AFA-8FC3-5208FE1ABD7D}.Release|Any CPU.Build.0 = Release|Any CPU
		{656CAA27-3916-435C-96A2-C5D36970A58C}.Debug|Any CPU.ActiveCfg = Debug|Any CPU
		{656CAA27-3916-435C-96A2-C5D36970A58C}.Debug|Any CPU.Build.0 = Debug|Any CPU
		{656CAA27-3916-435C-96A2-C5D36970A58C}.Release|Any CPU.ActiveCfg = Release|Any CPU
		{656CAA27-3916-435C-96A2-C5D36970A58C}.Release|Any CPU.Build.0 = Release|Any CPU
		{6DC0C1A4-98CD-4D97-B2F6-73B47E539A28}.Debug|Any CPU.ActiveCfg = Debug|Any CPU
		{6DC0C1A4-98CD-4D97-B2F6-73B47E539A28}.Debug|Any CPU.Build.0 = Debug|Any CPU
		{6DC0C1A4-98CD-4D97-B2F6-73B47E539A28}.Release|Any CPU.ActiveCfg = Release|Any CPU
		{6DC0C1A4-98CD-4D97-B2F6-73B47E539A28}.Release|Any CPU.Build.0 = Release|Any CPU
		{81DAEF93-21A8-4262-B0E2-5A9F0B037BB0}.Debug|Any CPU.ActiveCfg = Debug|Any CPU
		{81DAEF93-21A8-4262-B0E2-5A9F0B037BB0}.Debug|Any CPU.Build.0 = Debug|Any CPU
		{81DAEF93-21A8-4262-B0E2-5A9F0B037BB0}.Release|Any CPU.ActiveCfg = Release|Any CPU
		{81DAEF93-21A8-4262-B0E2-5A9F0B037BB0}.Release|Any CPU.Build.0 = Release|Any CPU
		{0DC67DC8-B036-4687-BF4D-2128C8212A27}.Debug|Any CPU.ActiveCfg = Debug|Any CPU
		{0DC67DC8-B036-4687-BF4D-2128C8212A27}.Debug|Any CPU.Build.0 = Debug|Any CPU
		{0DC67DC8-B036-4687-BF4D-2128C8212A27}.Release|Any CPU.ActiveCfg = Release|Any CPU
		{0DC67DC8-B036-4687-BF4D-2128C8212A27}.Release|Any CPU.Build.0 = Release|Any CPU
		{8EE63B9C-DEFF-4CD9-8FEF-4DF3B388EBC5}.Debug|Any CPU.ActiveCfg = Debug|Any CPU
		{8EE63B9C-DEFF-4CD9-8FEF-4DF3B388EBC5}.Debug|Any CPU.Build.0 = Debug|Any CPU
		{8EE63B9C-DEFF-4CD9-8FEF-4DF3B388EBC5}.Release|Any CPU.ActiveCfg = Release|Any CPU
		{8EE63B9C-DEFF-4CD9-8FEF-4DF3B388EBC5}.Release|Any CPU.Build.0 = Release|Any CPU
		{A2C9437D-3BAC-4B72-8A01-A686659AACA2}.Debug|Any CPU.ActiveCfg = Debug|Any CPU
		{A2C9437D-3BAC-4B72-8A01-A686659AACA2}.Debug|Any CPU.Build.0 = Debug|Any CPU
		{A2C9437D-3BAC-4B72-8A01-A686659AACA2}.Release|Any CPU.ActiveCfg = Release|Any CPU
		{A2C9437D-3BAC-4B72-8A01-A686659AACA2}.Release|Any CPU.Build.0 = Release|Any CPU
		{AEA5F829-60D0-45E1-9CFD-DB508A4878AC}.Debug|Any CPU.ActiveCfg = Debug|Any CPU
		{AEA5F829-60D0-45E1-9CFD-DB508A4878AC}.Debug|Any CPU.Build.0 = Debug|Any CPU
		{AEA5F829-60D0-45E1-9CFD-DB508A4878AC}.Release|Any CPU.ActiveCfg = Release|Any CPU
		{AEA5F829-60D0-45E1-9CFD-DB508A4878AC}.Release|Any CPU.Build.0 = Release|Any CPU
		{C9A0B14F-E1AB-426A-9047-FA94ED41CF37}.Debug|Any CPU.ActiveCfg = Debug|Any CPU
		{C9A0B14F-E1AB-426A-9047-FA94ED41CF37}.Debug|Any CPU.Build.0 = Debug|Any CPU
		{C9A0B14F-E1AB-426A-9047-FA94ED41CF37}.Release|Any CPU.ActiveCfg = Release|Any CPU
		{C9A0B14F-E1AB-426A-9047-FA94ED41CF37}.Release|Any CPU.Build.0 = Release|Any CPU
		{5291B347-C95F-4D11-8E18-F653785A3422}.Debug|Any CPU.ActiveCfg = Debug|Any CPU
		{5291B347-C95F-4D11-8E18-F653785A3422}.Debug|Any CPU.Build.0 = Debug|Any CPU
		{5291B347-C95F-4D11-8E18-F653785A3422}.Release|Any CPU.ActiveCfg = Release|Any CPU
		{5291B347-C95F-4D11-8E18-F653785A3422}.Release|Any CPU.Build.0 = Release|Any CPU
		{B7CCF860-D8FC-415F-8ABE-F837D539A079}.Debug|Any CPU.ActiveCfg = Debug|Any CPU
		{B7CCF860-D8FC-415F-8ABE-F837D539A079}.Debug|Any CPU.Build.0 = Debug|Any CPU
		{B7CCF860-D8FC-415F-8ABE-F837D539A079}.Release|Any CPU.ActiveCfg = Release|Any CPU
		{B7CCF860-D8FC-415F-8ABE-F837D539A079}.Release|Any CPU.Build.0 = Release|Any CPU
		{7A3D9E8A-414D-456B-9533-0DDC52AE2413}.Debug|Any CPU.ActiveCfg = Debug|Any CPU
		{7A3D9E8A-414D-456B-9533-0DDC52AE2413}.Debug|Any CPU.Build.0 = Debug|Any CPU
		{7A3D9E8A-414D-456B-9533-0DDC52AE2413}.Release|Any CPU.ActiveCfg = Release|Any CPU
		{7A3D9E8A-414D-456B-9533-0DDC52AE2413}.Release|Any CPU.Build.0 = Release|Any CPU
		{95DBE5C1-EA56-4B9C-A9E3-D44F0C01319B}.Debug|Any CPU.ActiveCfg = Debug|Any CPU
		{95DBE5C1-EA56-4B9C-A9E3-D44F0C01319B}.Debug|Any CPU.Build.0 = Debug|Any CPU
		{95DBE5C1-EA56-4B9C-A9E3-D44F0C01319B}.Release|Any CPU.ActiveCfg = Release|Any CPU
		{95DBE5C1-EA56-4B9C-A9E3-D44F0C01319B}.Release|Any CPU.Build.0 = Release|Any CPU
		{982A88CC-16B5-4119-B15A-C8E50029CBC8}.Debug|Any CPU.ActiveCfg = Debug|Any CPU
		{982A88CC-16B5-4119-B15A-C8E50029CBC8}.Debug|Any CPU.Build.0 = Debug|Any CPU
		{982A88CC-16B5-4119-B15A-C8E50029CBC8}.Release|Any CPU.ActiveCfg = Release|Any CPU
		{982A88CC-16B5-4119-B15A-C8E50029CBC8}.Release|Any CPU.Build.0 = Release|Any CPU
		{EA222D7A-8E28-401D-805E-C9DF28FDDE74}.Debug|Any CPU.ActiveCfg = Debug|Any CPU
		{EA222D7A-8E28-401D-805E-C9DF28FDDE74}.Debug|Any CPU.Build.0 = Debug|Any CPU
		{EA222D7A-8E28-401D-805E-C9DF28FDDE74}.Release|Any CPU.ActiveCfg = Release|Any CPU
		{EA222D7A-8E28-401D-805E-C9DF28FDDE74}.Release|Any CPU.Build.0 = Release|Any CPU
		{7027012C-9218-4DB2-AF46-F1D23EAC8339}.Debug|Any CPU.ActiveCfg = Debug|Any CPU
		{7027012C-9218-4DB2-AF46-F1D23EAC8339}.Debug|Any CPU.Build.0 = Debug|Any CPU
		{7027012C-9218-4DB2-AF46-F1D23EAC8339}.Release|Any CPU.ActiveCfg = Release|Any CPU
		{7027012C-9218-4DB2-AF46-F1D23EAC8339}.Release|Any CPU.Build.0 = Release|Any CPU
		{5FF2732F-0FAB-4DE4-A006-8027D4783B6E}.Debug|Any CPU.ActiveCfg = Debug|Any CPU
		{5FF2732F-0FAB-4DE4-A006-8027D4783B6E}.Debug|Any CPU.Build.0 = Debug|Any CPU
		{5FF2732F-0FAB-4DE4-A006-8027D4783B6E}.Release|Any CPU.ActiveCfg = Release|Any CPU
		{5FF2732F-0FAB-4DE4-A006-8027D4783B6E}.Release|Any CPU.Build.0 = Release|Any CPU
		{FDA0F0AB-BC1B-4FEA-AF92-6AB13C6F63A8}.Debug|Any CPU.ActiveCfg = Debug|Any CPU
		{FDA0F0AB-BC1B-4FEA-AF92-6AB13C6F63A8}.Debug|Any CPU.Build.0 = Debug|Any CPU
		{FDA0F0AB-BC1B-4FEA-AF92-6AB13C6F63A8}.Release|Any CPU.ActiveCfg = Release|Any CPU
		{FDA0F0AB-BC1B-4FEA-AF92-6AB13C6F63A8}.Release|Any CPU.Build.0 = Release|Any CPU
	EndGlobalSection
	GlobalSection(SolutionProperties) = preSolution
		HideSolutionNode = FALSE
	EndGlobalSection
	GlobalSection(NestedProjects) = preSolution
		{C827D983-7A2A-437E-8E7E-16A37BF1A41D} = {FA6E769E-482A-4A98-85B1-39CFEF3ABE79}
		{2B949516-F173-42A1-B148-88B761283CE9} = {833ACC08-9EF8-4690-B295-18D56D45C4E0}
		{C784291B-90DE-4076-B2AD-F9539331530D} = {833ACC08-9EF8-4690-B295-18D56D45C4E0}
		{098145F7-5FD2-48DC-92BA-C45CCBD5D4DD} = {833ACC08-9EF8-4690-B295-18D56D45C4E0}
		{4FD5C61F-C867-4717-8055-53BD43B2C642} = {833ACC08-9EF8-4690-B295-18D56D45C4E0}
		{800ED8B9-798F-4194-A0B0-313EF131E6EF} = {833ACC08-9EF8-4690-B295-18D56D45C4E0}
		{8A9EF7E9-1497-4506-9B76-9FEC72BD5281} = {4281500B-4033-4BEF-8A05-C924EC564467}
		{D7E0309D-FA9F-46AB-A304-92E46F29593E} = {4281500B-4033-4BEF-8A05-C924EC564467}
		{C4C61C76-7F2B-44C1-8258-1EF802319D36} = {4281500B-4033-4BEF-8A05-C924EC564467}
		{63F3868D-D49C-4DC7-9695-5E02941BB42C} = {DFFFDEC7-B203-40D6-9DA0-B79D9378FDFF}
		{EFF371B4-52C6-44B9-B8F6-17CE208160A6} = {833ACC08-9EF8-4690-B295-18D56D45C4E0}
		{833ACC08-9EF8-4690-B295-18D56D45C4E0} = {E12F2693-2E5B-45FA-95DD-02EB2CF03740}
		{4281500B-4033-4BEF-8A05-C924EC564467} = {E12F2693-2E5B-45FA-95DD-02EB2CF03740}
		{7AB355DB-795C-4A78-9E00-C14D897C31B0} = {E12F2693-2E5B-45FA-95DD-02EB2CF03740}
		{7A3F216A-3922-4AFA-8FC3-5208FE1ABD7D} = {28ADE730-B02D-4910-9311-1F1088C69829}
		{656CAA27-3916-435C-96A2-C5D36970A58C} = {28ADE730-B02D-4910-9311-1F1088C69829}
		{6DC0C1A4-98CD-4D97-B2F6-73B47E539A28} = {28ADE730-B02D-4910-9311-1F1088C69829}
		{81DAEF93-21A8-4262-B0E2-5A9F0B037BB0} = {7AB355DB-795C-4A78-9E00-C14D897C31B0}
		{0DC67DC8-B036-4687-BF4D-2128C8212A27} = {7AB355DB-795C-4A78-9E00-C14D897C31B0}
		{8EE63B9C-DEFF-4CD9-8FEF-4DF3B388EBC5} = {E3F87ADC-8DCC-435B-869F-90DD5A88896A}
		{A2C9437D-3BAC-4B72-8A01-A686659AACA2} = {E3F87ADC-8DCC-435B-869F-90DD5A88896A}
		{AEA5F829-60D0-45E1-9CFD-DB508A4878AC} = {E3F87ADC-8DCC-435B-869F-90DD5A88896A}
		{C9A0B14F-E1AB-426A-9047-FA94ED41CF37} = {DFFFDEC7-B203-40D6-9DA0-B79D9378FDFF}
		{5291B347-C95F-4D11-8E18-F653785A3422} = {7AB355DB-795C-4A78-9E00-C14D897C31B0}
		{B7CCF860-D8FC-415F-8ABE-F837D539A079} = {DFFFDEC7-B203-40D6-9DA0-B79D9378FDFF}
		{7A3D9E8A-414D-456B-9533-0DDC52AE2413} = {4281500B-4033-4BEF-8A05-C924EC564467}
		{95DBE5C1-EA56-4B9C-A9E3-D44F0C01319B} = {833ACC08-9EF8-4690-B295-18D56D45C4E0}
		{982A88CC-16B5-4119-B15A-C8E50029CBC8} = {DFFFDEC7-B203-40D6-9DA0-B79D9378FDFF}
		{EA222D7A-8E28-401D-805E-C9DF28FDDE74} = {4281500B-4033-4BEF-8A05-C924EC564467}
		{7027012C-9218-4DB2-AF46-F1D23EAC8339} = {DFFFDEC7-B203-40D6-9DA0-B79D9378FDFF}
		{5FF2732F-0FAB-4DE4-A006-8027D4783B6E} = {28ADE730-B02D-4910-9311-1F1088C69829}
		{FDA0F0AB-BC1B-4FEA-AF92-6AB13C6F63A8} = {28ADE730-B02D-4910-9311-1F1088C69829}
	EndGlobalSection
	GlobalSection(ExtensibilityGlobals) = postSolution
		SolutionGuid = {81307950-DF5A-4A8D-B3B9-6724112D8232}
	EndGlobalSection
EndGlobal
