
Microsoft Visual Studio Solution File, Format Version 12.00
# Visual Studio Version 16
VisualStudioVersion = 16.0.30711.63
MinimumVisualStudioVersion = 10.0.40219.1
Project("{9A19103F-16F7-4668-BE54-9A1E7A4F7556}") = "HB.FullStack.Common", "src\HB.FullStack.Common\HB.FullStack.Common.csproj", "{8549A27A-5DE3-44E0-B9C7-0264AC0C6042}"
EndProject
Project("{9A19103F-16F7-4668-BE54-9A1E7A4F7556}") = "HB.Infrastructure.Redis", "src\HB.Infrastructure.Redis\HB.Infrastructure.Redis.csproj", "{65A94E5D-DCA0-41EC-B430-A09EE0036115}"
EndProject
Project("{9A19103F-16F7-4668-BE54-9A1E7A4F7556}") = "HB.FullStack.KVStore", "src\HB.FullStack.KVStore\HB.FullStack.KVStore.csproj", "{6D3ADDF9-F6E7-4082-911A-AB3EB309CF17}"
EndProject
Project("{9A19103F-16F7-4668-BE54-9A1E7A4F7556}") = "HB.FullStack.EventBus", "src\HB.FullStack.EventBus\HB.FullStack.EventBus.csproj", "{532C8872-4773-4ECD-AC75-411B4CBEC601}"
EndProject
Project("{9A19103F-16F7-4668-BE54-9A1E7A4F7556}") = "HB.FullStack.Database", "src\HB.FullStack.Database\HB.FullStack.Database.csproj", "{16885759-5868-4484-B946-63D977522C91}"
EndProject
Project("{9A19103F-16F7-4668-BE54-9A1E7A4F7556}") = "HB.Infrastructure.SQLite", "src\HB.Infrastructure.SQLite\HB.Infrastructure.SQLite.csproj", "{E5011CF3-D6C9-430E-B1C9-FB873C4F2B02}"
EndProject
Project("{9A19103F-16F7-4668-BE54-9A1E7A4F7556}") = "HB.Infrastructure.MySQL", "src\HB.Infrastructure.MySQL\HB.Infrastructure.MySQL.csproj", "{94403123-B19B-43EA-A390-9368AD966083}"
EndProject
Project("{9A19103F-16F7-4668-BE54-9A1E7A4F7556}") = "HB.FullStack.Business", "src\HB.FullStack.Business\HB.FullStack.Business.csproj", "{B5C6C3CD-5FE4-4217-88A5-16B0FA977099}"
EndProject
Project("{9A19103F-16F7-4668-BE54-9A1E7A4F7556}") = "HB.FullStack.Cache", "src\HB.FullStack.Cache\HB.FullStack.Cache.csproj", "{5257A177-EA20-41EE-B93E-B073849F03E9}"
EndProject
Project("{2150E333-8FDC-42A3-9474-1A3956D46DE8}") = "tests", "tests", "{1C19E62F-9496-46FB-8E9A-8B45080EF0F2}"
EndProject
Project("{9A19103F-16F7-4668-BE54-9A1E7A4F7556}") = "HB.FullStack.Cache.Test", "test\HB.FullStack.Cache.Test\HB.FullStack.Cache.Test.csproj", "{E7873166-4E21-43EF-AA32-89C160ED63F9}"
EndProject
Project("{9A19103F-16F7-4668-BE54-9A1E7A4F7556}") = "HB.Infrastructure.Redis.Test", "test\HB.Infrastructure.Redis.Test\HB.Infrastructure.Redis.Test.csproj", "{883DB74C-29FF-409E-8269-F8CB3DCF608E}"
EndProject
Project("{9A19103F-16F7-4668-BE54-9A1E7A4F7556}") = "HB.FullStack.Lock", "src\HB.FullStack.DistributedLock\HB.FullStack.Lock.csproj", "{876B10C8-62F2-4182-87B1-AB8EC7528A2B}"
EndProject
Project("{9A19103F-16F7-4668-BE54-9A1E7A4F7556}") = "HB.FullStack.DistributedLock.Test", "test\HB.FullStack.DistributedLock.Test\HB.FullStack.DistributedLock.Test.csproj", "{4166D68A-C078-47A1-B781-7675E4F0EB80}"
EndProject
Project("{9A19103F-16F7-4668-BE54-9A1E7A4F7556}") = "HB.FullStack.Identity", "src\HB.Component.Identity\HB.FullStack.Identity.csproj", "{C4D3A082-48B1-4F0D-85B2-4D7EFAC9701C}"
EndProject
Project("{9A19103F-16F7-4668-BE54-9A1E7A4F7556}") = "HB.FullStack.CommonTests", "test\HB.FullStack.CommonTests\HB.FullStack.CommonTests.csproj", "{BEB46010-28E0-4D4F-A006-9D06259000A5}"
EndProject
Project("{9A19103F-16F7-4668-BE54-9A1E7A4F7556}") = "HB.FullStack.DatabaseTests", "test\HB.FullStack.DatabaseTests\HB.FullStack.DatabaseTests.csproj", "{C1637ED7-417A-4C4D-8187-D3DB7F597EDE}"
EndProject
Global
	GlobalSection(SolutionConfigurationPlatforms) = preSolution
		Debug|Any CPU = Debug|Any CPU
		Release|Any CPU = Release|Any CPU
	EndGlobalSection
	GlobalSection(ProjectConfigurationPlatforms) = postSolution
		{8549A27A-5DE3-44E0-B9C7-0264AC0C6042}.Debug|Any CPU.ActiveCfg = Debug|Any CPU
		{8549A27A-5DE3-44E0-B9C7-0264AC0C6042}.Debug|Any CPU.Build.0 = Debug|Any CPU
		{8549A27A-5DE3-44E0-B9C7-0264AC0C6042}.Release|Any CPU.ActiveCfg = Release|Any CPU
		{8549A27A-5DE3-44E0-B9C7-0264AC0C6042}.Release|Any CPU.Build.0 = Release|Any CPU
		{65A94E5D-DCA0-41EC-B430-A09EE0036115}.Debug|Any CPU.ActiveCfg = Debug|Any CPU
		{65A94E5D-DCA0-41EC-B430-A09EE0036115}.Debug|Any CPU.Build.0 = Debug|Any CPU
		{65A94E5D-DCA0-41EC-B430-A09EE0036115}.Release|Any CPU.ActiveCfg = Release|Any CPU
		{65A94E5D-DCA0-41EC-B430-A09EE0036115}.Release|Any CPU.Build.0 = Release|Any CPU
		{6D3ADDF9-F6E7-4082-911A-AB3EB309CF17}.Debug|Any CPU.ActiveCfg = Debug|Any CPU
		{6D3ADDF9-F6E7-4082-911A-AB3EB309CF17}.Debug|Any CPU.Build.0 = Debug|Any CPU
		{6D3ADDF9-F6E7-4082-911A-AB3EB309CF17}.Release|Any CPU.ActiveCfg = Release|Any CPU
		{6D3ADDF9-F6E7-4082-911A-AB3EB309CF17}.Release|Any CPU.Build.0 = Release|Any CPU
		{532C8872-4773-4ECD-AC75-411B4CBEC601}.Debug|Any CPU.ActiveCfg = Debug|Any CPU
		{532C8872-4773-4ECD-AC75-411B4CBEC601}.Debug|Any CPU.Build.0 = Debug|Any CPU
		{532C8872-4773-4ECD-AC75-411B4CBEC601}.Release|Any CPU.ActiveCfg = Release|Any CPU
		{532C8872-4773-4ECD-AC75-411B4CBEC601}.Release|Any CPU.Build.0 = Release|Any CPU
		{16885759-5868-4484-B946-63D977522C91}.Debug|Any CPU.ActiveCfg = Debug|Any CPU
		{16885759-5868-4484-B946-63D977522C91}.Debug|Any CPU.Build.0 = Debug|Any CPU
		{16885759-5868-4484-B946-63D977522C91}.Release|Any CPU.ActiveCfg = Release|Any CPU
		{16885759-5868-4484-B946-63D977522C91}.Release|Any CPU.Build.0 = Release|Any CPU
		{E5011CF3-D6C9-430E-B1C9-FB873C4F2B02}.Debug|Any CPU.ActiveCfg = Debug|Any CPU
		{E5011CF3-D6C9-430E-B1C9-FB873C4F2B02}.Debug|Any CPU.Build.0 = Debug|Any CPU
		{E5011CF3-D6C9-430E-B1C9-FB873C4F2B02}.Release|Any CPU.ActiveCfg = Release|Any CPU
		{E5011CF3-D6C9-430E-B1C9-FB873C4F2B02}.Release|Any CPU.Build.0 = Release|Any CPU
		{94403123-B19B-43EA-A390-9368AD966083}.Debug|Any CPU.ActiveCfg = Debug|Any CPU
		{94403123-B19B-43EA-A390-9368AD966083}.Debug|Any CPU.Build.0 = Debug|Any CPU
		{94403123-B19B-43EA-A390-9368AD966083}.Release|Any CPU.ActiveCfg = Release|Any CPU
		{94403123-B19B-43EA-A390-9368AD966083}.Release|Any CPU.Build.0 = Release|Any CPU
		{B5C6C3CD-5FE4-4217-88A5-16B0FA977099}.Debug|Any CPU.ActiveCfg = Debug|Any CPU
		{B5C6C3CD-5FE4-4217-88A5-16B0FA977099}.Debug|Any CPU.Build.0 = Debug|Any CPU
		{B5C6C3CD-5FE4-4217-88A5-16B0FA977099}.Release|Any CPU.ActiveCfg = Release|Any CPU
		{B5C6C3CD-5FE4-4217-88A5-16B0FA977099}.Release|Any CPU.Build.0 = Release|Any CPU
		{5257A177-EA20-41EE-B93E-B073849F03E9}.Debug|Any CPU.ActiveCfg = Debug|Any CPU
		{5257A177-EA20-41EE-B93E-B073849F03E9}.Debug|Any CPU.Build.0 = Debug|Any CPU
		{5257A177-EA20-41EE-B93E-B073849F03E9}.Release|Any CPU.ActiveCfg = Release|Any CPU
		{5257A177-EA20-41EE-B93E-B073849F03E9}.Release|Any CPU.Build.0 = Release|Any CPU
		{E7873166-4E21-43EF-AA32-89C160ED63F9}.Debug|Any CPU.ActiveCfg = Debug|Any CPU
		{E7873166-4E21-43EF-AA32-89C160ED63F9}.Debug|Any CPU.Build.0 = Debug|Any CPU
		{E7873166-4E21-43EF-AA32-89C160ED63F9}.Release|Any CPU.ActiveCfg = Release|Any CPU
		{E7873166-4E21-43EF-AA32-89C160ED63F9}.Release|Any CPU.Build.0 = Release|Any CPU
		{883DB74C-29FF-409E-8269-F8CB3DCF608E}.Debug|Any CPU.ActiveCfg = Debug|Any CPU
		{883DB74C-29FF-409E-8269-F8CB3DCF608E}.Debug|Any CPU.Build.0 = Debug|Any CPU
		{883DB74C-29FF-409E-8269-F8CB3DCF608E}.Release|Any CPU.ActiveCfg = Release|Any CPU
		{883DB74C-29FF-409E-8269-F8CB3DCF608E}.Release|Any CPU.Build.0 = Release|Any CPU
		{876B10C8-62F2-4182-87B1-AB8EC7528A2B}.Debug|Any CPU.ActiveCfg = Debug|Any CPU
		{876B10C8-62F2-4182-87B1-AB8EC7528A2B}.Debug|Any CPU.Build.0 = Debug|Any CPU
		{876B10C8-62F2-4182-87B1-AB8EC7528A2B}.Release|Any CPU.ActiveCfg = Release|Any CPU
		{876B10C8-62F2-4182-87B1-AB8EC7528A2B}.Release|Any CPU.Build.0 = Release|Any CPU
		{4166D68A-C078-47A1-B781-7675E4F0EB80}.Debug|Any CPU.ActiveCfg = Debug|Any CPU
		{4166D68A-C078-47A1-B781-7675E4F0EB80}.Debug|Any CPU.Build.0 = Debug|Any CPU
		{4166D68A-C078-47A1-B781-7675E4F0EB80}.Release|Any CPU.ActiveCfg = Release|Any CPU
		{4166D68A-C078-47A1-B781-7675E4F0EB80}.Release|Any CPU.Build.0 = Release|Any CPU
		{C4D3A082-48B1-4F0D-85B2-4D7EFAC9701C}.Debug|Any CPU.ActiveCfg = Debug|Any CPU
		{C4D3A082-48B1-4F0D-85B2-4D7EFAC9701C}.Debug|Any CPU.Build.0 = Debug|Any CPU
		{C4D3A082-48B1-4F0D-85B2-4D7EFAC9701C}.Release|Any CPU.ActiveCfg = Release|Any CPU
		{C4D3A082-48B1-4F0D-85B2-4D7EFAC9701C}.Release|Any CPU.Build.0 = Release|Any CPU
		{BEB46010-28E0-4D4F-A006-9D06259000A5}.Debug|Any CPU.ActiveCfg = Debug|Any CPU
		{BEB46010-28E0-4D4F-A006-9D06259000A5}.Debug|Any CPU.Build.0 = Debug|Any CPU
		{BEB46010-28E0-4D4F-A006-9D06259000A5}.Release|Any CPU.ActiveCfg = Release|Any CPU
		{BEB46010-28E0-4D4F-A006-9D06259000A5}.Release|Any CPU.Build.0 = Release|Any CPU
		{C1637ED7-417A-4C4D-8187-D3DB7F597EDE}.Debug|Any CPU.ActiveCfg = Debug|Any CPU
		{C1637ED7-417A-4C4D-8187-D3DB7F597EDE}.Debug|Any CPU.Build.0 = Debug|Any CPU
		{C1637ED7-417A-4C4D-8187-D3DB7F597EDE}.Release|Any CPU.ActiveCfg = Release|Any CPU
		{C1637ED7-417A-4C4D-8187-D3DB7F597EDE}.Release|Any CPU.Build.0 = Release|Any CPU
	EndGlobalSection
	GlobalSection(SolutionProperties) = preSolution
		HideSolutionNode = FALSE
	EndGlobalSection
	GlobalSection(NestedProjects) = preSolution
		{E7873166-4E21-43EF-AA32-89C160ED63F9} = {1C19E62F-9496-46FB-8E9A-8B45080EF0F2}
		{883DB74C-29FF-409E-8269-F8CB3DCF608E} = {1C19E62F-9496-46FB-8E9A-8B45080EF0F2}
		{4166D68A-C078-47A1-B781-7675E4F0EB80} = {1C19E62F-9496-46FB-8E9A-8B45080EF0F2}
		{BEB46010-28E0-4D4F-A006-9D06259000A5} = {1C19E62F-9496-46FB-8E9A-8B45080EF0F2}
		{C1637ED7-417A-4C4D-8187-D3DB7F597EDE} = {1C19E62F-9496-46FB-8E9A-8B45080EF0F2}
	EndGlobalSection
	GlobalSection(ExtensibilityGlobals) = postSolution
		SolutionGuid = {E0CFD761-FEBD-4484-9C43-758D92B96523}
	EndGlobalSection
EndGlobal
