
Microsoft Visual Studio Solution File, Format Version 12.00
# Visual Studio Version 16
VisualStudioVersion = 16.0.30711.63
MinimumVisualStudioVersion = 10.0.40219.1
Project("{9A19103F-16F7-4668-BE54-9A1E7A4F7556}") = "HB.FullStack.Common", "src\HB.FullStack.Common\HB.FullStack.Common.csproj", "{8549A27A-5DE3-44E0-B9C7-0264AC0C6042}"
EndProject
Project("{9A19103F-16F7-4668-BE54-9A1E7A4F7556}") = "HB.Infrastructure.Redis", "src\HB.Infrastructure.Redis\HB.Infrastructure.Redis.csproj", "{65A94E5D-DCA0-41EC-B430-A09EE0036115}"
EndProject
Project("{9A19103F-16F7-4668-BE54-9A1E7A4F7556}") = "HB.FullStack.KVStore", "src\HB.FullStack.KVStore\HB.FullStack.KVStore.csproj", "{6D3ADDF9-F6E7-4082-911A-AB3EB309CF17}"
EndProject
Project("{9A19103F-16F7-4668-BE54-9A1E7A4F7556}") = "HB.FullStack.EventBus", "src\HB.FullStack.EventBus\HB.FullStack.EventBus.csproj", "{532C8872-4773-4ECD-AC75-411B4CBEC601}"
EndProject
Project("{9A19103F-16F7-4668-BE54-9A1E7A4F7556}") = "HB.FullStack.Database", "src\HB.FullStack.Database\HB.FullStack.Database.csproj", "{16885759-5868-4484-B946-63D977522C91}"
EndProject
Project("{9A19103F-16F7-4668-BE54-9A1E7A4F7556}") = "HB.Infrastructure.SQLite", "src\HB.Infrastructure.SQLite\HB.Infrastructure.SQLite.csproj", "{E5011CF3-D6C9-430E-B1C9-FB873C4F2B02}"
EndProject
Project("{9A19103F-16F7-4668-BE54-9A1E7A4F7556}") = "HB.Infrastructure.MySQL", "src\HB.Infrastructure.MySQL\HB.Infrastructure.MySQL.csproj", "{94403123-B19B-43EA-A390-9368AD966083}"
EndProject
Project("{9A19103F-16F7-4668-BE54-9A1E7A4F7556}") = "HB.FullStack.Repository", "src\HB.FullStack.Business\HB.FullStack.Repository.csproj", "{B5C6C3CD-5FE4-4217-88A5-16B0FA977099}"
EndProject
Project("{9A19103F-16F7-4668-BE54-9A1E7A4F7556}") = "HB.FullStack.Cache", "src\HB.FullStack.Cache\HB.FullStack.Cache.csproj", "{5257A177-EA20-41EE-B93E-B073849F03E9}"
EndProject
Project("{2150E333-8FDC-42A3-9474-1A3956D46DE8}") = "tests", "tests", "{1C19E62F-9496-46FB-8E9A-8B45080EF0F2}"
EndProject
Project("{9A19103F-16F7-4668-BE54-9A1E7A4F7556}") = "HB.FullStack.Cache.Test", "test\HB.FullStack.Cache.Test\HB.FullStack.Cache.Test.csproj", "{E7873166-4E21-43EF-AA32-89C160ED63F9}"
EndProject
Project("{9A19103F-16F7-4668-BE54-9A1E7A4F7556}") = "HB.Infrastructure.Redis.Test", "test\HB.Infrastructure.Redis.Test\HB.Infrastructure.Redis.Test.csproj", "{883DB74C-29FF-409E-8269-F8CB3DCF608E}"
EndProject
Project("{9A19103F-16F7-4668-BE54-9A1E7A4F7556}") = "HB.FullStack.Lock", "src\HB.FullStack.DistributedLock\HB.FullStack.Lock.csproj", "{876B10C8-62F2-4182-87B1-AB8EC7528A2B}"
EndProject
Project("{9A19103F-16F7-4668-BE54-9A1E7A4F7556}") = "HB.FullStack.DistributedLock.Test", "test\HB.FullStack.DistributedLock.Test\HB.FullStack.DistributedLock.Test.csproj", "{4166D68A-C078-47A1-B781-7675E4F0EB80}"
EndProject
Project("{9A19103F-16F7-4668-BE54-9A1E7A4F7556}") = "HB.FullStack.CommonTests", "test\HB.FullStack.CommonTests\HB.FullStack.CommonTests.csproj", "{BEB46010-28E0-4D4F-A006-9D06259000A5}"
EndProject
Project("{9A19103F-16F7-4668-BE54-9A1E7A4F7556}") = "HB.FullStack.DatabaseTests", "test\HB.FullStack.DatabaseTests\HB.FullStack.DatabaseTests.csproj", "{C1637ED7-417A-4C4D-8187-D3DB7F597EDE}"
EndProject
Project("{9A19103F-16F7-4668-BE54-9A1E7A4F7556}") = "HB.FullStack.Server", "src\HB.FullStack.Http\HB.FullStack.Server.csproj", "{27CC76A9-A790-4816-B8C2-AD855157F3CE}"
EndProject
Project("{2150E333-8FDC-42A3-9474-1A3956D46DE8}") = "benchmark", "benchmark", "{9C7C5B27-96CA-4297-A36A-9EF9DAAF0630}"
EndProject
Project("{9A19103F-16F7-4668-BE54-9A1E7A4F7556}") = "HB.FullStack.Benchmark.Database", "benchmark\HB.FullStack.Benchmark.Database\HB.FullStack.Benchmark.Database.csproj", "{BB47ED99-CE7A-4F14-9FE0-1B0E5A5866A6}"
EndProject
Project("{9A19103F-16F7-4668-BE54-9A1E7A4F7556}") = "OrmBenchmark.Core", "benchmark\OrmBenchmark.Core\OrmBenchmark.Core.csproj", "{A5978EFA-CB03-4A4A-A20A-7B91E3EFCFDF}"
EndProject
Project("{9A19103F-16F7-4668-BE54-9A1E7A4F7556}") = "OrmBenchmark.Console.NetCore", "benchmark\OrmBenchmark.Console.NetCore\OrmBenchmark.Console.NetCore.csproj", "{5DCD1A2F-D49C-42AB-B548-F16E34245B98}"
EndProject
Project("{9A19103F-16F7-4668-BE54-9A1E7A4F7556}") = "OrmBenchmark.Dapper", "benchmark\OrmBenchmark.Dapper\OrmBenchmark.Dapper.csproj", "{E1FB6A9F-054D-4C53-AC3E-AB516FBC117E}"
EndProject
Project("{9A19103F-16F7-4668-BE54-9A1E7A4F7556}") = "OrmBenchmark.OrmLite", "benchmark\OrmBenchmark.OrmLite\OrmBenchmark.OrmLite.csproj", "{805EAAF7-439E-4993-A132-A7F9B712D77A}"
EndProject
Project("{9A19103F-16F7-4668-BE54-9A1E7A4F7556}") = "HB.Infrastructure.IdGen", "src\HB.Infrastructure.IdGen\HB.Infrastructure.IdGen.csproj", "{DA1BF01A-2950-4D0E-8CDD-04F9D7D62030}"
EndProject
Project("{9A19103F-16F7-4668-BE54-9A1E7A4F7556}") = "HB.Infrastructure.IdGen.Tests", "test\HB.Infrastructure.IdGen.Tests\HB.Infrastructure.IdGen.Tests.csproj", "{DE7E4D9D-63AC-4C02-B980-2B7EA87BF28E}"
EndProject
Project("{2150E333-8FDC-42A3-9474-1A3956D46DE8}") = "Solution Items", "Solution Items", "{08E380BB-5C31-440F-A368-A9E94F01370C}"
	ProjectSection(SolutionItems) = preProject
		.editorconfig = .editorconfig
		.gitattributes = .gitattributes
		.gitignore = .gitignore
		common.props = common.props
		README.md = README.md
	EndProjectSection
EndProject
Project("{9A19103F-16F7-4668-BE54-9A1E7A4F7556}") = "HB.FullStack.Identity", "src\HB.FullStack.Identity\HB.FullStack.Identity.csproj", "{1045EDFA-1CFE-402D-AA16-A708F58BC50B}"
EndProject
Global
	GlobalSection(SolutionConfigurationPlatforms) = preSolution
		Debug|Any CPU = Debug|Any CPU
		Release|Any CPU = Release|Any CPU
	EndGlobalSection
	GlobalSection(ProjectConfigurationPlatforms) = postSolution
		{8549A27A-5DE3-44E0-B9C7-0264AC0C6042}.Debug|Any CPU.ActiveCfg = Debug|Any CPU
		{8549A27A-5DE3-44E0-B9C7-0264AC0C6042}.Debug|Any CPU.Build.0 = Debug|Any CPU
		{8549A27A-5DE3-44E0-B9C7-0264AC0C6042}.Release|Any CPU.ActiveCfg = Release|Any CPU
		{8549A27A-5DE3-44E0-B9C7-0264AC0C6042}.Release|Any CPU.Build.0 = Release|Any CPU
		{65A94E5D-DCA0-41EC-B430-A09EE0036115}.Debug|Any CPU.ActiveCfg = Debug|Any CPU
		{65A94E5D-DCA0-41EC-B430-A09EE0036115}.Debug|Any CPU.Build.0 = Debug|Any CPU
		{65A94E5D-DCA0-41EC-B430-A09EE0036115}.Release|Any CPU.ActiveCfg = Release|Any CPU
		{65A94E5D-DCA0-41EC-B430-A09EE0036115}.Release|Any CPU.Build.0 = Release|Any CPU
		{6D3ADDF9-F6E7-4082-911A-AB3EB309CF17}.Debug|Any CPU.ActiveCfg = Debug|Any CPU
		{6D3ADDF9-F6E7-4082-911A-AB3EB309CF17}.Debug|Any CPU.Build.0 = Debug|Any CPU
		{6D3ADDF9-F6E7-4082-911A-AB3EB309CF17}.Release|Any CPU.ActiveCfg = Release|Any CPU
		{6D3ADDF9-F6E7-4082-911A-AB3EB309CF17}.Release|Any CPU.Build.0 = Release|Any CPU
		{532C8872-4773-4ECD-AC75-411B4CBEC601}.Debug|Any CPU.ActiveCfg = Debug|Any CPU
		{532C8872-4773-4ECD-AC75-411B4CBEC601}.Debug|Any CPU.Build.0 = Debug|Any CPU
		{532C8872-4773-4ECD-AC75-411B4CBEC601}.Release|Any CPU.ActiveCfg = Release|Any CPU
		{532C8872-4773-4ECD-AC75-411B4CBEC601}.Release|Any CPU.Build.0 = Release|Any CPU
		{16885759-5868-4484-B946-63D977522C91}.Debug|Any CPU.ActiveCfg = Debug|Any CPU
		{16885759-5868-4484-B946-63D977522C91}.Debug|Any CPU.Build.0 = Debug|Any CPU
		{16885759-5868-4484-B946-63D977522C91}.Release|Any CPU.ActiveCfg = Release|Any CPU
		{16885759-5868-4484-B946-63D977522C91}.Release|Any CPU.Build.0 = Release|Any CPU
		{E5011CF3-D6C9-430E-B1C9-FB873C4F2B02}.Debug|Any CPU.ActiveCfg = Debug|Any CPU
		{E5011CF3-D6C9-430E-B1C9-FB873C4F2B02}.Debug|Any CPU.Build.0 = Debug|Any CPU
		{E5011CF3-D6C9-430E-B1C9-FB873C4F2B02}.Release|Any CPU.ActiveCfg = Release|Any CPU
		{E5011CF3-D6C9-430E-B1C9-FB873C4F2B02}.Release|Any CPU.Build.0 = Release|Any CPU
		{94403123-B19B-43EA-A390-9368AD966083}.Debug|Any CPU.ActiveCfg = Debug|Any CPU
		{94403123-B19B-43EA-A390-9368AD966083}.Debug|Any CPU.Build.0 = Debug|Any CPU
		{94403123-B19B-43EA-A390-9368AD966083}.Release|Any CPU.ActiveCfg = Release|Any CPU
		{94403123-B19B-43EA-A390-9368AD966083}.Release|Any CPU.Build.0 = Release|Any CPU
		{B5C6C3CD-5FE4-4217-88A5-16B0FA977099}.Debug|Any CPU.ActiveCfg = Debug|Any CPU
		{B5C6C3CD-5FE4-4217-88A5-16B0FA977099}.Debug|Any CPU.Build.0 = Debug|Any CPU
		{B5C6C3CD-5FE4-4217-88A5-16B0FA977099}.Release|Any CPU.ActiveCfg = Release|Any CPU
		{B5C6C3CD-5FE4-4217-88A5-16B0FA977099}.Release|Any CPU.Build.0 = Release|Any CPU
		{5257A177-EA20-41EE-B93E-B073849F03E9}.Debug|Any CPU.ActiveCfg = Debug|Any CPU
		{5257A177-EA20-41EE-B93E-B073849F03E9}.Debug|Any CPU.Build.0 = Debug|Any CPU
		{5257A177-EA20-41EE-B93E-B073849F03E9}.Release|Any CPU.ActiveCfg = Release|Any CPU
		{5257A177-EA20-41EE-B93E-B073849F03E9}.Release|Any CPU.Build.0 = Release|Any CPU
		{E7873166-4E21-43EF-AA32-89C160ED63F9}.Debug|Any CPU.ActiveCfg = Debug|Any CPU
		{E7873166-4E21-43EF-AA32-89C160ED63F9}.Debug|Any CPU.Build.0 = Debug|Any CPU
		{E7873166-4E21-43EF-AA32-89C160ED63F9}.Release|Any CPU.ActiveCfg = Release|Any CPU
		{E7873166-4E21-43EF-AA32-89C160ED63F9}.Release|Any CPU.Build.0 = Release|Any CPU
		{883DB74C-29FF-409E-8269-F8CB3DCF608E}.Debug|Any CPU.ActiveCfg = Debug|Any CPU
		{883DB74C-29FF-409E-8269-F8CB3DCF608E}.Debug|Any CPU.Build.0 = Debug|Any CPU
		{883DB74C-29FF-409E-8269-F8CB3DCF608E}.Release|Any CPU.ActiveCfg = Release|Any CPU
		{883DB74C-29FF-409E-8269-F8CB3DCF608E}.Release|Any CPU.Build.0 = Release|Any CPU
		{876B10C8-62F2-4182-87B1-AB8EC7528A2B}.Debug|Any CPU.ActiveCfg = Debug|Any CPU
		{876B10C8-62F2-4182-87B1-AB8EC7528A2B}.Debug|Any CPU.Build.0 = Debug|Any CPU
		{876B10C8-62F2-4182-87B1-AB8EC7528A2B}.Release|Any CPU.ActiveCfg = Release|Any CPU
		{876B10C8-62F2-4182-87B1-AB8EC7528A2B}.Release|Any CPU.Build.0 = Release|Any CPU
		{4166D68A-C078-47A1-B781-7675E4F0EB80}.Debug|Any CPU.ActiveCfg = Debug|Any CPU
		{4166D68A-C078-47A1-B781-7675E4F0EB80}.Debug|Any CPU.Build.0 = Debug|Any CPU
		{4166D68A-C078-47A1-B781-7675E4F0EB80}.Release|Any CPU.ActiveCfg = Release|Any CPU
		{4166D68A-C078-47A1-B781-7675E4F0EB80}.Release|Any CPU.Build.0 = Release|Any CPU
		{BEB46010-28E0-4D4F-A006-9D06259000A5}.Debug|Any CPU.ActiveCfg = Debug|Any CPU
		{BEB46010-28E0-4D4F-A006-9D06259000A5}.Debug|Any CPU.Build.0 = Debug|Any CPU
		{BEB46010-28E0-4D4F-A006-9D06259000A5}.Release|Any CPU.ActiveCfg = Release|Any CPU
		{BEB46010-28E0-4D4F-A006-9D06259000A5}.Release|Any CPU.Build.0 = Release|Any CPU
		{C1637ED7-417A-4C4D-8187-D3DB7F597EDE}.Debug|Any CPU.ActiveCfg = Debug|Any CPU
		{C1637ED7-417A-4C4D-8187-D3DB7F597EDE}.Debug|Any CPU.Build.0 = Debug|Any CPU
		{C1637ED7-417A-4C4D-8187-D3DB7F597EDE}.Release|Any CPU.ActiveCfg = Release|Any CPU
		{C1637ED7-417A-4C4D-8187-D3DB7F597EDE}.Release|Any CPU.Build.0 = Release|Any CPU
		{27CC76A9-A790-4816-B8C2-AD855157F3CE}.Debug|Any CPU.ActiveCfg = Debug|Any CPU
		{27CC76A9-A790-4816-B8C2-AD855157F3CE}.Debug|Any CPU.Build.0 = Debug|Any CPU
		{27CC76A9-A790-4816-B8C2-AD855157F3CE}.Release|Any CPU.ActiveCfg = Release|Any CPU
		{27CC76A9-A790-4816-B8C2-AD855157F3CE}.Release|Any CPU.Build.0 = Release|Any CPU
		{BB47ED99-CE7A-4F14-9FE0-1B0E5A5866A6}.Debug|Any CPU.ActiveCfg = Debug|Any CPU
		{BB47ED99-CE7A-4F14-9FE0-1B0E5A5866A6}.Debug|Any CPU.Build.0 = Debug|Any CPU
		{BB47ED99-CE7A-4F14-9FE0-1B0E5A5866A6}.Release|Any CPU.ActiveCfg = Release|Any CPU
		{BB47ED99-CE7A-4F14-9FE0-1B0E5A5866A6}.Release|Any CPU.Build.0 = Release|Any CPU
		{A5978EFA-CB03-4A4A-A20A-7B91E3EFCFDF}.Debug|Any CPU.ActiveCfg = Debug|Any CPU
		{A5978EFA-CB03-4A4A-A20A-7B91E3EFCFDF}.Debug|Any CPU.Build.0 = Debug|Any CPU
		{A5978EFA-CB03-4A4A-A20A-7B91E3EFCFDF}.Release|Any CPU.ActiveCfg = Release|Any CPU
		{A5978EFA-CB03-4A4A-A20A-7B91E3EFCFDF}.Release|Any CPU.Build.0 = Release|Any CPU
		{5DCD1A2F-D49C-42AB-B548-F16E34245B98}.Debug|Any CPU.ActiveCfg = Debug|Any CPU
		{5DCD1A2F-D49C-42AB-B548-F16E34245B98}.Debug|Any CPU.Build.0 = Debug|Any CPU
		{5DCD1A2F-D49C-42AB-B548-F16E34245B98}.Release|Any CPU.ActiveCfg = Release|Any CPU
		{5DCD1A2F-D49C-42AB-B548-F16E34245B98}.Release|Any CPU.Build.0 = Release|Any CPU
		{E1FB6A9F-054D-4C53-AC3E-AB516FBC117E}.Debug|Any CPU.ActiveCfg = Debug|Any CPU
		{E1FB6A9F-054D-4C53-AC3E-AB516FBC117E}.Debug|Any CPU.Build.0 = Debug|Any CPU
		{E1FB6A9F-054D-4C53-AC3E-AB516FBC117E}.Release|Any CPU.ActiveCfg = Release|Any CPU
		{E1FB6A9F-054D-4C53-AC3E-AB516FBC117E}.Release|Any CPU.Build.0 = Release|Any CPU
		{805EAAF7-439E-4993-A132-A7F9B712D77A}.Debug|Any CPU.ActiveCfg = Debug|Any CPU
		{805EAAF7-439E-4993-A132-A7F9B712D77A}.Debug|Any CPU.Build.0 = Debug|Any CPU
		{805EAAF7-439E-4993-A132-A7F9B712D77A}.Release|Any CPU.ActiveCfg = Release|Any CPU
		{805EAAF7-439E-4993-A132-A7F9B712D77A}.Release|Any CPU.Build.0 = Release|Any CPU
		{DA1BF01A-2950-4D0E-8CDD-04F9D7D62030}.Debug|Any CPU.ActiveCfg = Debug|Any CPU
		{DA1BF01A-2950-4D0E-8CDD-04F9D7D62030}.Debug|Any CPU.Build.0 = Debug|Any CPU
		{DA1BF01A-2950-4D0E-8CDD-04F9D7D62030}.Release|Any CPU.ActiveCfg = Release|Any CPU
		{DA1BF01A-2950-4D0E-8CDD-04F9D7D62030}.Release|Any CPU.Build.0 = Release|Any CPU
		{DE7E4D9D-63AC-4C02-B980-2B7EA87BF28E}.Debug|Any CPU.ActiveCfg = Debug|Any CPU
		{DE7E4D9D-63AC-4C02-B980-2B7EA87BF28E}.Debug|Any CPU.Build.0 = Debug|Any CPU
		{DE7E4D9D-63AC-4C02-B980-2B7EA87BF28E}.Release|Any CPU.ActiveCfg = Release|Any CPU
		{DE7E4D9D-63AC-4C02-B980-2B7EA87BF28E}.Release|Any CPU.Build.0 = Release|Any CPU
		{1045EDFA-1CFE-402D-AA16-A708F58BC50B}.Debug|Any CPU.ActiveCfg = Debug|Any CPU
		{1045EDFA-1CFE-402D-AA16-A708F58BC50B}.Debug|Any CPU.Build.0 = Debug|Any CPU
		{1045EDFA-1CFE-402D-AA16-A708F58BC50B}.Release|Any CPU.ActiveCfg = Release|Any CPU
		{1045EDFA-1CFE-402D-AA16-A708F58BC50B}.Release|Any CPU.Build.0 = Release|Any CPU
	EndGlobalSection
	GlobalSection(SolutionProperties) = preSolution
		HideSolutionNode = FALSE
	EndGlobalSection
	GlobalSection(NestedProjects) = preSolution
		{E7873166-4E21-43EF-AA32-89C160ED63F9} = {1C19E62F-9496-46FB-8E9A-8B45080EF0F2}
		{883DB74C-29FF-409E-8269-F8CB3DCF608E} = {1C19E62F-9496-46FB-8E9A-8B45080EF0F2}
		{4166D68A-C078-47A1-B781-7675E4F0EB80} = {1C19E62F-9496-46FB-8E9A-8B45080EF0F2}
		{BEB46010-28E0-4D4F-A006-9D06259000A5} = {1C19E62F-9496-46FB-8E9A-8B45080EF0F2}
		{C1637ED7-417A-4C4D-8187-D3DB7F597EDE} = {1C19E62F-9496-46FB-8E9A-8B45080EF0F2}
		{BB47ED99-CE7A-4F14-9FE0-1B0E5A5866A6} = {9C7C5B27-96CA-4297-A36A-9EF9DAAF0630}
		{A5978EFA-CB03-4A4A-A20A-7B91E3EFCFDF} = {9C7C5B27-96CA-4297-A36A-9EF9DAAF0630}
		{5DCD1A2F-D49C-42AB-B548-F16E34245B98} = {9C7C5B27-96CA-4297-A36A-9EF9DAAF0630}
		{E1FB6A9F-054D-4C53-AC3E-AB516FBC117E} = {9C7C5B27-96CA-4297-A36A-9EF9DAAF0630}
		{805EAAF7-439E-4993-A132-A7F9B712D77A} = {9C7C5B27-96CA-4297-A36A-9EF9DAAF0630}
		{DE7E4D9D-63AC-4C02-B980-2B7EA87BF28E} = {1C19E62F-9496-46FB-8E9A-8B45080EF0F2}
	EndGlobalSection
	GlobalSection(ExtensibilityGlobals) = postSolution
		SolutionGuid = {E0CFD761-FEBD-4484-9C43-758D92B96523}
	EndGlobalSection
EndGlobal
