
Microsoft Visual Studio Solution File, Format Version 12.00
# Visual Studio Version 16
VisualStudioVersion = 16.0.30413.136
MinimumVisualStudioVersion = 10.0.40219.1
Project("{9A19103F-16F7-4668-BE54-9A1E7A4F7556}") = "HB.Framework.Common", "..\HB.Framework.Common\src\HB.Framework.Common\HB.Framework.Common.csproj", "{E15BEA3A-0D56-4357-8122-CEE870E7E99F}"
EndProject
Project("{9A19103F-16F7-4668-BE54-9A1E7A4F7556}") = "HB.Framework.Client", "src\HB.Framework.Mobile\HB.Framework.Client.csproj", "{1085D7FA-7A6F-41AE-9CB0-F769B5DDAD25}"
EndProject
Project("{FAE04EC0-301F-11D3-BF4B-00C04F79EFBC}") = "HB.Framework.Client.iOS", "src\HB.Framework.Client.iOS\HB.Framework.Client.iOS.csproj", "{61CB302F-B736-4B7C-A456-ED30ECEB4D39}"
EndProject
Project("{FAE04EC0-301F-11D3-BF4B-00C04F79EFBC}") = "HB.Framework.Client.Droid", "src\HB.Framework.Client.Droid\HB.Framework.Client.Droid.csproj", "{DEAC9EB8-B69B-413B-BC86-0C2DBAE8A359}"
EndProject
Global
	GlobalSection(SolutionConfigurationPlatforms) = preSolution
		Debug|Any CPU = Debug|Any CPU
		Release|Any CPU = Release|Any CPU
	EndGlobalSection
	GlobalSection(ProjectConfigurationPlatforms) = postSolution
		{E15BEA3A-0D56-4357-8122-CEE870E7E99F}.Debug|Any CPU.ActiveCfg = Debug|Any CPU
		{E15BEA3A-0D56-4357-8122-CEE870E7E99F}.Debug|Any CPU.Build.0 = Debug|Any CPU
		{E15BEA3A-0D56-4357-8122-CEE870E7E99F}.Release|Any CPU.ActiveCfg = Release|Any CPU
		{E15BEA3A-0D56-4357-8122-CEE870E7E99F}.Release|Any CPU.Build.0 = Release|Any CPU
		{1085D7FA-7A6F-41AE-9CB0-F769B5DDAD25}.Debug|Any CPU.ActiveCfg = Debug|Any CPU
		{1085D7FA-7A6F-41AE-9CB0-F769B5DDAD25}.Debug|Any CPU.Build.0 = Debug|Any CPU
		{1085D7FA-7A6F-41AE-9CB0-F769B5DDAD25}.Release|Any CPU.ActiveCfg = Release|Any CPU
		{1085D7FA-7A6F-41AE-9CB0-F769B5DDAD25}.Release|Any CPU.Build.0 = Release|Any CPU
		{61CB302F-B736-4B7C-A456-ED30ECEB4D39}.Debug|Any CPU.ActiveCfg = Debug|Any CPU
		{61CB302F-B736-4B7C-A456-ED30ECEB4D39}.Debug|Any CPU.Build.0 = Debug|Any CPU
		{61CB302F-B736-4B7C-A456-ED30ECEB4D39}.Release|Any CPU.ActiveCfg = Release|Any CPU
		{61CB302F-B736-4B7C-A456-ED30ECEB4D39}.Release|Any CPU.Build.0 = Release|Any CPU
		{DEAC9EB8-B69B-413B-BC86-0C2DBAE8A359}.Debug|Any CPU.ActiveCfg = Debug|Any CPU
		{DEAC9EB8-B69B-413B-BC86-0C2DBAE8A359}.Debug|Any CPU.Build.0 = Debug|Any CPU
		{DEAC9EB8-B69B-413B-BC86-0C2DBAE8A359}.Release|Any CPU.ActiveCfg = Release|Any CPU
		{DEAC9EB8-B69B-413B-BC86-0C2DBAE8A359}.Release|Any CPU.Build.0 = Release|Any CPU
	EndGlobalSection
	GlobalSection(SolutionProperties) = preSolution
		HideSolutionNode = FALSE
	EndGlobalSection
	GlobalSection(ExtensibilityGlobals) = postSolution
		SolutionGuid = {972FDD30-7CF0-4F46-9EF9-D0CF3492B22C}
	EndGlobalSection
EndGlobal
